<Solution>
  <Configurations>
    <BuildType Name="Debug" />
    <BuildType Name="EDITOR-Debug" />
    <BuildType Name="OptDebug" />
    <BuildType Name="QA" />
    <BuildType Name="Release" />
    <Platform Name="ARM64" />
    <Platform Name="Win32" />
    <Platform Name="x64" />
  </Configurations>
  <Project Path="../../../Apps/EDRscDesc/EDRscDesc.vcxproj" Id="2679a684-1dcf-4930-acb7-207d91f1c671" />
  <Project Path="../../../xCore/Auxiliary/Bitmap/aux_Bitmap.vcxproj" Id="9ca26e69-c9c6-433e-80d7-d28ac74c5d85" />
  <Project Path="../../../xCore/Auxiliary/CommandLine/CommandLine.vcxproj" Id="7b3440e7-4b4e-4400-9cc7-03a109deb88d">
    <BuildType Solution="EDITOR-Debug|*" Project="OptDebug" />
  </Project>
  <Project Path="../../../xCore/MeshUtil/MeshUtil.vcxproj" Id="36fb18de-fa6a-4093-9bad-8a025a7f218d" />
  <Project Path="../../../xCore/Parsing/Parsing.vcxproj" Id="bcc5edd0-c48b-4f3a-bfcf-d72a676d0749" />
  <Project Path="../../../xCore/x_files/x_files.vcxproj" Id="a4275571-0365-47b6-8d23-910f33690d4b" />
  <Project Path="../../Render/Render.vcxproj" Id="15db23d2-38f7-489c-a130-bff6c1bbcc00" />
  <Project Path="GeomCompiler.vcxproj" Id="2060843b-1249-474a-9b82-410fdb5211c4">
    <BuildType Solution="EDITOR-Debug|*" Project="OptDebug" />
  </Project>
</Solution>
