<Solution>
  <Configurations>
    <BuildType Name="Debug" />
    <BuildType Name="EDITOR-Debug" />
    <BuildType Name="OptDebug" />
    <BuildType Name="QA" />
    <BuildType Name="Release" />
    <BuildType Name="VIEWER-Debug" />
    <Platform Name="Win32" />
  </Configurations>
  <Project Path="../../../Apps/EDRscDesc/EDRscDesc.vcxproj">
    <BuildType Solution="VIEWER-Debug|*" Project="Release" />
  </Project>
  <Project Path="../../../xCore/Auxiliary/Bitmap/aux_Bitmap.vcxproj" />
  <Project Path="../../../xCore/Auxiliary/CommandLine/CommandLine.vcxproj">
    <BuildType Solution="EDITOR-Debug|*" Project="OptDebug" />
    <BuildType Solution="VIEWER-Debug|*" Project="Release" />
  </Project>
  <Project Path="../../../xCore/MeshUtil/MeshUtil.vcxproj" />
  <Project Path="../../../xCore/Parsing/Parsing.vcxproj" />
  <Project Path="../../../xCore/x_files/x_files.vcxproj" />
  <Project Path="../../Render/Render.vcxproj" />
  <Project Path="GeomCompiler.vcxproj">
    <BuildType Solution="EDITOR-Debug|*" Project="OptDebug" />
    <BuildType Solution="VIEWER-Debug|*" Project="Release" />
  </Project>
</Solution>
