<?xml version="1.0" encoding="utf-8"?>
<Project ToolsVersion="4.0" xmlns="http://schemas.microsoft.com/developer/msbuild/2003">
  <ItemGroup>
    <Filter Include="ExternMiscUtils">
      <UniqueIdentifier>{a549184f-c1aa-43af-9048-5e99cdaf33e9}</UniqueIdentifier>
    </Filter>
  </ItemGroup>
  <ItemGroup>
    <ClCompile Include="..\..\..\xCore\Auxiliary\MiscUtils\dictionary.cpp">
      <Filter>ExternMiscUtils</Filter>
    </ClCompile>
    <ClCompile Include="..\..\..\Apps\MeshViewer\GeomDesc.cpp">
      <Filter>ExternMiscUtils</Filter>
    </ClCompile>
    <ClCompile Include="..\..\..\xCore\Auxiliary\MiscUtils\Guid.cpp">
      <Filter>ExternMiscUtils</Filter>
    </ClCompile>
    <ClCompile Include="..\..\..\xCore\Auxiliary\MiscUtils\mem_stream.cpp">
      <Filter>ExternMiscUtils</Filter>
    </ClCompile>
    <ClCompile Include="..\..\..\xCore\Auxiliary\MiscUtils\Property.cpp">
      <Filter>ExternMiscUtils</Filter>
    </ClCompile>
    <ClCompile Include="..\..\..\xCore\MeshUtil\RawSettings.cpp">
      <Filter>ExternMiscUtils</Filter>
    </ClCompile>
    <ClCompile Include="..\..\ResourceMgr\ResourceMgr.cpp">
      <Filter>ExternMiscUtils</Filter>
    </ClCompile>
    <ClCompile Include="..\..\..\Apps\MeshViewer\RigidDesc.cpp">
      <Filter>ExternMiscUtils</Filter>
    </ClCompile>
    <ClCompile Include="..\..\..\Apps\MeshViewer\SkinDesc.cpp">
      <Filter>ExternMiscUtils</Filter>
    </ClCompile>
    <ClCompile Include="BMPUtil.cpp" />
    <ClCompile Include="GeomCompiler.cpp" />
    <ClCompile Include="GeomCompiler_Collision.cpp" />
    <ClCompile Include="GeomCompiler_Materials.cpp" />
    <ClCompile Include="GeomCompiler_Model.cpp" />
    <ClCompile Include="GeomCompiler_Skeleton.cpp" />
    <ClCompile Include="GeomCompiler_Rigid.cpp" />
    <ClCompile Include="GeomCompiler_Skin.cpp" />
    <ClCompile Include="GeomCompiler_Utilities.cpp" />
    <ClCompile Include="GeomSource.cpp" />
    <ClCompile Include="MatxSource.cpp" />
    <ClCompile Include="main.cpp" />
    <ClCompile Include="texinfo.cpp" />
  </ItemGroup>
  <ItemGroup>
    <ClInclude Include="..\..\..\xCore\Auxiliary\MiscUtils\dictionary.hpp">
      <Filter>ExternMiscUtils</Filter>
    </ClInclude>
    <ClInclude Include="..\..\..\Apps\MeshViewer\GeomDesc.hpp">
      <Filter>ExternMiscUtils</Filter>
    </ClInclude>
    <ClInclude Include="..\..\..\xCore\Auxiliary\MiscUtils\Guid.hpp">
      <Filter>ExternMiscUtils</Filter>
    </ClInclude>
    <ClInclude Include="..\..\..\xCore\Auxiliary\MiscUtils\mem_stream.hpp">
      <Filter>ExternMiscUtils</Filter>
    </ClInclude>
    <ClInclude Include="..\..\..\xCore\Auxiliary\MiscUtils\Property.hpp">
      <Filter>ExternMiscUtils</Filter>
    </ClInclude>
    <ClInclude Include="..\..\..\xCore\MeshUtil\RawSettings.hpp">
      <Filter>ExternMiscUtils</Filter>
    </ClInclude>
    <ClInclude Include="..\..\ResourceMgr\ResourceMgr.hpp">
      <Filter>ExternMiscUtils</Filter>
    </ClInclude>
    <ClInclude Include="..\..\..\Apps\MeshViewer\RigidDesc.hpp">
      <Filter>ExternMiscUtils</Filter>
    </ClInclude>
    <ClInclude Include="..\..\..\Apps\MeshViewer\SkinDesc.hpp">
      <Filter>ExternMiscUtils</Filter>
    </ClInclude>
    <ClInclude Include="BMPUtil.hpp" />
    <ClInclude Include="GeomCompiler.hpp" />
    <ClInclude Include="GeomSource.hpp" />
    <ClInclude Include="texinfo.hpp" />
  </ItemGroup>
</Project>
