<Solution>
  <Configurations>
    <BuildType Name="Debug" />
    <BuildType Name="EDITOR-Debug" />
    <BuildType Name="OptDebug" />
    <BuildType Name="QA" />
    <BuildType Name="Release" />
    <Platform Name="ARM64" />
    <Platform Name="Win32" />
    <Platform Name="x64" />
  </Configurations>
  <Project Path="../../../xCore/Auxiliary/Bitmap/aux_Bitmap.vcxproj" Id="9ca26e69-c9c6-433e-80d7-d28ac74c5d85" />
  <Project Path="../../../xCore/Auxiliary/CommandLine/CommandLine.vcxproj" Id="7b3440e7-4b4e-4400-9cc7-03a109deb88d">
    <BuildType Solution="EDITOR-Debug|*" Project="OptDebug" />
  </Project>
  <Project Path="../../../xCore/x_files/x_files.vcxproj" Id="a4275571-0365-47b6-8d23-910f33690d4b" />
  <Project Path="DecalCompiler.vcxproj" Id="8b293d9f-83fe-42ec-a826-1a372ecfb0ff">
    <BuildType Solution="EDITOR-Debug|*" Project="OptDebug" />
  </Project>
</Solution>
