<?xml version="1.0" encoding="utf-8"?>
<Project ToolsVersion="4.0" xmlns="http://schemas.microsoft.com/developer/msbuild/2003">
  <ItemGroup>
    <Filter Include="Implementation">
      <UniqueIdentifier>{3b03feed-45de-4b22-947d-c34d72afe07d}</UniqueIdentifier>
    </Filter>
    <Filter Include="Implementation\external">
      <UniqueIdentifier>{e80b2208-4391-498d-bab1-9a9a598958d2}</UniqueIdentifier>
    </Filter>
  </ItemGroup>
  <ItemGroup>
    <ClCompile Include="TextIn.cpp">
      <Filter>Implementation</Filter>
    </ClCompile>
    <ClCompile Include="TextOut.cpp">
      <Filter>Implementation</Filter>
    </ClCompile>
    <ClCompile Include="tokenizer.cpp">
      <Filter>Implementation</Filter>
    </ClCompile>
    <ClCompile Include="PS2-DevKit-Debug\_SN_in_VC.h">
      <Filter>Implementation\external</Filter>
    </ClCompile>
    <ClCompile Include="..\x_files\x_debug.hpp">
      <Filter>Implementation\external</Filter>
    </ClCompile>
    <ClCompile Include="..\..\x_files\x_debug.hpp">
      <Filter>Implementation\external</Filter>
    </ClCompile>
    <ClCompile Include="..\x_files\x_math.hpp">
      <Filter>Implementation\external</Filter>
    </ClCompile>
    <ClCompile Include="..\..\x_files\x_math.hpp">
      <Filter>Implementation\external</Filter>
    </ClCompile>
    <ClCompile Include="..\x_files\Implementation\x_math_bb_inline.hpp">
      <Filter>Implementation\external</Filter>
    </ClCompile>
    <ClCompile Include="..\..\x_files\Implementation\x_math_bb_inline.hpp">
      <Filter>Implementation\external</Filter>
    </ClCompile>
    <ClCompile Include="..\..\x_files\Implementation\x_math_inline.hpp">
      <Filter>Implementation\external</Filter>
    </ClCompile>
    <ClCompile Include="..\x_files\Implementation\x_math_inline.hpp">
      <Filter>Implementation\external</Filter>
    </ClCompile>
    <ClCompile Include="..\x_files\Implementation\x_math_m4_inline.hpp">
      <Filter>Implementation\external</Filter>
    </ClCompile>
    <ClCompile Include="..\..\x_files\Implementation\x_math_m4_inline.hpp">
      <Filter>Implementation\external</Filter>
    </ClCompile>
    <ClCompile Include="..\x_files\Implementation\x_math_p_inline.hpp">
      <Filter>Implementation\external</Filter>
    </ClCompile>
    <ClCompile Include="..\..\x_files\Implementation\x_math_p_inline.hpp">
      <Filter>Implementation\external</Filter>
    </ClCompile>
    <ClCompile Include="..\x_files\Implementation\x_math_q_inline.hpp">
      <Filter>Implementation\external</Filter>
    </ClCompile>
    <ClCompile Include="..\..\x_files\Implementation\x_math_q_inline.hpp">
      <Filter>Implementation\external</Filter>
    </ClCompile>
    <ClCompile Include="..\x_files\Implementation\x_math_r3_inline.hpp">
      <Filter>Implementation\external</Filter>
    </ClCompile>
    <ClCompile Include="..\..\x_files\Implementation\x_math_r3_inline.hpp">
      <Filter>Implementation\external</Filter>
    </ClCompile>
    <ClCompile Include="..\..\x_files\Implementation\x_math_rect_inline.hpp">
      <Filter>Implementation\external</Filter>
    </ClCompile>
    <ClCompile Include="..\x_files\Implementation\x_math_rect_inline.hpp">
      <Filter>Implementation\external</Filter>
    </ClCompile>
    <ClCompile Include="..\x_files\Implementation\x_math_v2_inline.hpp">
      <Filter>Implementation\external</Filter>
    </ClCompile>
    <ClCompile Include="..\..\x_files\Implementation\x_math_v2_inline.hpp">
      <Filter>Implementation\external</Filter>
    </ClCompile>
    <ClCompile Include="..\x_files\Implementation\x_math_v3_inline.hpp">
      <Filter>Implementation\external</Filter>
    </ClCompile>
    <ClCompile Include="..\..\x_files\Implementation\x_math_v3_inline.hpp">
      <Filter>Implementation\external</Filter>
    </ClCompile>
    <ClCompile Include="..\x_files\Implementation\x_math_v4_inline.hpp">
      <Filter>Implementation\external</Filter>
    </ClCompile>
    <ClCompile Include="..\..\x_files\Implementation\x_math_v4_inline.hpp">
      <Filter>Implementation\external</Filter>
    </ClCompile>
    <ClCompile Include="..\x_files\x_memory.hpp">
      <Filter>Implementation\external</Filter>
    </ClCompile>
    <ClCompile Include="..\..\x_files\x_memory.hpp">
      <Filter>Implementation\external</Filter>
    </ClCompile>
    <ClCompile Include="..\..\x_files\Implementation\x_memory_private.hpp">
      <Filter>Implementation\external</Filter>
    </ClCompile>
    <ClCompile Include="..\x_files\Implementation\x_memory_private.hpp">
      <Filter>Implementation\external</Filter>
    </ClCompile>
    <ClCompile Include="..\x_files\x_plus.hpp">
      <Filter>Implementation\external</Filter>
    </ClCompile>
    <ClCompile Include="..\..\x_files\x_plus.hpp">
      <Filter>Implementation\external</Filter>
    </ClCompile>
    <ClCompile Include="..\x_files\x_stdio.hpp">
      <Filter>Implementation\external</Filter>
    </ClCompile>
    <ClCompile Include="..\..\x_files\x_stdio.hpp">
      <Filter>Implementation\external</Filter>
    </ClCompile>
    <ClCompile Include="..\x_files\x_target.hpp">
      <Filter>Implementation\external</Filter>
    </ClCompile>
    <ClCompile Include="..\..\x_files\x_target.hpp">
      <Filter>Implementation\external</Filter>
    </ClCompile>
    <ClCompile Include="..\x_files\x_types.hpp">
      <Filter>Implementation\external</Filter>
    </ClCompile>
    <ClCompile Include="..\..\x_files\x_types.hpp">
      <Filter>Implementation\external</Filter>
    </ClCompile>
    <ClCompile Include="TextOut.hpp" />
  </ItemGroup>
  <ItemGroup>
    <ClInclude Include="TextIn.hpp" />
    <ClInclude Include="tokenizer.hpp" />
  </ItemGroup>
</Project>