<Solution>
  <Configurations>
    <BuildType Name="Debug" />
    <BuildType Name="EDITOR-Debug" />
    <BuildType Name="OptDebug" />
    <BuildType Name="QA" />
    <BuildType Name="Release" />
    <Platform Name="ARM" />
    <Platform Name="Win32" />
    <Platform Name="x64" />
  </Configurations>
  <Project Path="../../../xCore/Auxiliary/CommandLine/CommandLine.vcxproj" Id="7b3440e7-4b4e-4400-9cc7-03a109deb88d">
    <BuildType Solution="EDITOR-Debug|*" Project="OptDebug" />
  </Project>
  <Project Path="../../../xCore/Parsing/Parsing.vcxproj" Id="bcc5edd0-c48b-4f3a-bfcf-d72a676d0749" />
  <Project Path="../../../xCore/x_files/x_files.vcxproj" Id="a4275571-0365-47b6-8d23-910f33690d4b" />
  <Project Path="stringTool.vcxproj" Id="5adce746-a0ea-4ade-a7c5-dfabdf7b8622">
    <BuildType Solution="EDITOR-Debug|*" Project="OptDebug" />
  </Project>
</Solution>
