<Solution>
  <Configurations>
    <BuildType Name="Debug" />
    <BuildType Name="OptDebug" />
    <BuildType Name="QA" />
    <BuildType Name="Release" />
    <Platform Name="ARM64" />
    <Platform Name="Win32" />
    <Platform Name="x64" />
  </Configurations>
  <Project Path="CommandLine.vcxproj" Id="7b3440e7-4b4e-4400-9cc7-03a109deb88d" />
</Solution>
