<Solution>
  <Configurations>
    <BuildType Name="Debug" />
    <BuildType Name="EDITOR-Debug" />
    <BuildType Name="OptDebug" />
    <BuildType Name="QA" />
    <BuildType Name="Release" />
    <Platform Name="ARM64" />
    <Platform Name="Win32" />
    <Platform Name="x64" />
  </Configurations>
  <Project Path="StringMgr.vcxproj" Id="7085c1e2-423d-4d4e-bc7d-1ba4b23f37c6">
    <BuildType Solution="Debug|Win32" Project="Release" />
  </Project>
</Solution>
