<?xml version="1.0" encoding="utf-8"?>
<Project ToolsVersion="4.0">
  <ItemGroup>
    <Filter Include="Common">
      <UniqueIdentifier>{84cba3a4-a895-406c-961c-944c4ba12ac6}</UniqueIdentifier>
    </Filter>
    <Filter Include="PC">
      <UniqueIdentifier>{fde31e27-7eae-47de-96d4-cdccc6c0dcb9}</UniqueIdentifier>
    </Filter>
    <Filter Include="PC\Libs">
      <UniqueIdentifier>{9c1f4444-925b-4fc2-bf54-ab33c3fb015f}</UniqueIdentifier>
    </Filter>
    <Filter Include="External">
      <UniqueIdentifier>{1227554f-a32a-4a1f-9e64-e6d68f734608}</UniqueIdentifier>
    </Filter>
    <Filter Include="Audio">
      <UniqueIdentifier>{de2b6ffd-e14d-485a-962c-1a32a52583a0}</UniqueIdentifier>
    </Filter>
    <Filter Include="Audio\backend">
      <UniqueIdentifier>{a8b93901-8fe7-4e8d-994c-c9f8623a0001}</UniqueIdentifier>
    </Filter>
    <Filter Include="Audio\backend\sdl">
      <UniqueIdentifier>{a8b93902-8fe7-4e8d-994c-c9f8623a0002}</UniqueIdentifier>
    </Filter>
    <Filter Include="Audio\codecs">
      <UniqueIdentifier>{a8b93903-8fe7-4e8d-994c-c9f8623a0003}</UniqueIdentifier>
    </Filter>
    <Filter Include="Audio\codecs\mp3">
      <UniqueIdentifier>{a8b93904-8fe7-4e8d-994c-c9f8623a0004}</UniqueIdentifier>
    </Filter>
    <Filter Include="Input">
      <UniqueIdentifier>{a8b93905-8fe7-4e8d-994c-c9f8623a0005}</UniqueIdentifier>
    </Filter>
    <Filter Include="Input\backend">
      <UniqueIdentifier>{a8b93906-8fe7-4e8d-994c-c9f8623a0006}</UniqueIdentifier>
    </Filter>
    <Filter Include="Input\backend\dinput">
      <UniqueIdentifier>{a8b93907-8fe7-4e8d-994c-c9f8623a0007}</UniqueIdentifier>
    </Filter>
    <Filter Include="IOManager">
      <UniqueIdentifier>{f2ea50f4-8080-4b64-a540-69763c20e5da}</UniqueIdentifier>
    </Filter>
    <Filter Include="Network">
      <UniqueIdentifier>{228dc53a-9cb3-4646-83ca-59e43d16ad36}</UniqueIdentifier>
    </Filter>
    <Filter Include="Network\Backend">
      <UniqueIdentifier>{81cc25d5-1979-4b76-abc4-88e30c6a67df}</UniqueIdentifier>
    </Filter>
    <Filter Include="IOManager\Device_Host">
      <UniqueIdentifier>{810e74a7-120f-4a49-bdc9-c12d7e954968}</UniqueIdentifier>
    </Filter>
    <Filter Include="SDLEngine">
      <UniqueIdentifier>{7bcf1506-b0e7-4d0f-a56a-ef94a4c59644}</UniqueIdentifier>
    </Filter>
  </ItemGroup>
  <ItemGroup>
    <ClCompile Include="Input\e_Input.cpp">
      <Filter>Input</Filter>
    </ClCompile>
    <ClCompile Include="Input\e_InputActions.cpp">
      <Filter>Input</Filter>
    </ClCompile>
    <ClCompile Include="Common\e_ScratchMem.cpp">
      <Filter>Common</Filter>
    </ClCompile>
    <ClCompile Include="Common\e_SimpleAllocator.cpp">
      <Filter>Common</Filter>
    </ClCompile>
    <ClCompile Include="Common\e_ECS.cpp">
      <Filter>Common</Filter>
    </ClCompile>
    <ClCompile Include="Common\e_Text.cpp">
      <Filter>Common</Filter>
    </ClCompile>
    <ClCompile Include="Common\e_View.cpp">
      <Filter>Common</Filter>
    </ClCompile>
    <ClCompile Include="Common\e_Platform.cpp">
      <Filter>Common</Filter>
    </ClCompile>
    <ClCompile Include="Input\backend\dinput\input_dinput.cpp">
      <Filter>Input\backend\dinput</Filter>
    </ClCompile>
    <ClCompile Include="Audio\audio_channel_mgr.cpp">
      <Filter>Audio</Filter>
    </ClCompile>
    <ClCompile Include="Audio\audio_stream_decoder_factory.cpp">
      <Filter>Audio</Filter>
    </ClCompile>
    <ClCompile Include="Audio\audio_descriptor_runtime.cpp">
      <Filter>Audio</Filter>
    </ClCompile>
    <ClCompile Include="Audio\audio_element_channel_runtime.cpp">
      <Filter>Audio</Filter>
    </ClCompile>
    <ClCompile Include="Audio\audio_mgr.cpp">
      <Filter>Audio</Filter>
    </ClCompile>
    <ClCompile Include="Audio\audio_package.cpp">
      <Filter>Audio</Filter>
    </ClCompile>
    <ClCompile Include="Audio\audio_package_registry.cpp">
      <Filter>Audio</Filter>
    </ClCompile>
    <ClCompile Include="Audio\audio_runtime.cpp">
      <Filter>Audio</Filter>
    </ClCompile>
    <ClCompile Include="Audio\audio_runtime_commands.cpp">
      <Filter>Audio</Filter>
    </ClCompile>
    <ClCompile Include="Audio\audio_spatial_mgr.cpp">
      <Filter>Audio</Filter>
    </ClCompile>
    <ClCompile Include="Audio\audio_stream_controller.cpp">
      <Filter>Audio</Filter>
    </ClCompile>
    <ClCompile Include="Audio\audio_stream_mgr.cpp">
      <Filter>Audio</Filter>
    </ClCompile>
    <ClCompile Include="Audio\audio_stream_runtime.cpp">
      <Filter>Audio</Filter>
    </ClCompile>
    <ClCompile Include="Audio\audio_stream_voice_binder.cpp">
      <Filter>Audio</Filter>
    </ClCompile>
    <ClCompile Include="Audio\audio_voice_mgr.cpp">
      <Filter>Audio</Filter>
    </ClCompile>
    <ClCompile Include="Audio\backend\audio_backend.cpp">
      <Filter>Audio\backend</Filter>
    </ClCompile>
    <ClCompile Include="Audio\backend\audio_output_mixer.cpp">
      <Filter>Audio\backend</Filter>
    </ClCompile>
    <ClCompile Include="Audio\backend\sdl\audio_output_sdl.cpp">
      <Filter>Audio\backend\sdl</Filter>
    </ClCompile>
    <ClCompile Include="IOManager\io_cache.cpp">
      <Filter>IOManager</Filter>
    </ClCompile>
    <ClCompile Include="IOManager\io_device.cpp">
      <Filter>IOManager</Filter>
    </ClCompile>
    <ClCompile Include="IOManager\io_dfs.cpp">
      <Filter>IOManager</Filter>
    </ClCompile>
    <ClCompile Include="IOManager\io_filesystem.cpp">
      <Filter>IOManager</Filter>
    </ClCompile>
    <ClCompile Include="IOManager\io_mgr.cpp">
      <Filter>IOManager</Filter>
    </ClCompile>
    <ClCompile Include="IOManager\io_request.cpp">
      <Filter>IOManager</Filter>
    </ClCompile>
    <ClCompile Include="Network\FiFo.cpp">
      <Filter>Network</Filter>
    </ClCompile>
    <ClCompile Include="Network\NetAddress.cpp">
      <Filter>Network</Filter>
    </ClCompile>
    <ClCompile Include="Network\NetCommon.cpp">
      <Filter>Network</Filter>
    </ClCompile>
    <ClCompile Include="Network\NetSocket.cpp">
      <Filter>Network</Filter>
    </ClCompile>
    <ClCompile Include="Network\NetStream.cpp">
      <Filter>Network</Filter>
    </ClCompile>
    <ClCompile Include="Network\Backend\NetLib_Windows.cpp">
      <Filter>Network\Backend</Filter>
    </ClCompile>
    <ClCompile Include="IOManager\Device_Host\io_device_host_pc.cpp">
      <Filter>IOManager\Device_Host</Filter>
    </ClCompile>
    <ClCompile Include="IOManager\Device_Host\io_device_host.cpp">
      <Filter>IOManager\Device_Host</Filter>
    </ClCompile>
    <ClCompile Include="Audio\codecs\mp3\audio_mp3_stream_decoder.cpp">
      <Filter>Audio\codecs\mp3</Filter>
    </ClCompile>
    <ClCompile Include="Audio\codecs\mp3\audio_mp3_stream_decoder_state.cpp">
      <Filter>Audio\codecs\mp3</Filter>
    </ClCompile>
    <ClCompile Include="SDLEngine\sdleng.cpp">
      <Filter>SDLEngine</Filter>
    </ClCompile>
    <ClCompile Include="SDLEngine\sdleng_composite.cpp">
      <Filter>SDLEngine</Filter>
    </ClCompile>
    <ClCompile Include="SDLEngine\sdleng_core.cpp">
      <Filter>SDLEngine</Filter>
    </ClCompile>
    <ClCompile Include="SDLEngine\sdleng_renderdraw.cpp">
      <Filter>SDLEngine</Filter>
    </ClCompile>
    <ClCompile Include="SDLEngine\sdleng_renderbuffer.cpp">
      <Filter>SDLEngine</Filter>
    </ClCompile>
    <ClCompile Include="SDLEngine\sdleng_rtarget.cpp">
      <Filter>SDLEngine</Filter>
    </ClCompile>
    <ClCompile Include="SDLEngine\sdleng_shader.cpp">
      <Filter>SDLEngine</Filter>
    </ClCompile>
    <ClCompile Include="SDLEngine\sdleng_state.cpp">
      <Filter>SDLEngine</Filter>
    </ClCompile>
    <ClCompile Include="SDLEngine\sdleng_vram.cpp">
      <Filter>SDLEngine</Filter>
    </ClCompile>
    <ClCompile Include="SDLEngine\sdleng_window.cpp">
      <Filter>SDLEngine</Filter>
    </ClCompile>
    <ClCompile Include="SDLEngine\sdleng_font.cpp">
      <Filter>SDLEngine</Filter>
    </ClCompile>
  </ItemGroup>
  <ItemGroup>
    <ClInclude Include="Audio\audio_channel_mgr.hpp">
      <Filter>Audio</Filter>
    </ClInclude>
    <ClInclude Include="Audio\audio_command.hpp">
      <Filter>Audio</Filter>
    </ClInclude>
    <ClInclude Include="Audio\audio_command_queue.hpp">
      <Filter>Audio</Filter>
    </ClInclude>
    <ClInclude Include="Audio\audio_runtime.hpp">
      <Filter>Audio</Filter>
    </ClInclude>
    <ClInclude Include="Audio\audio_descriptor_runtime.hpp">
      <Filter>Audio</Filter>
    </ClInclude>
    <ClInclude Include="Audio\audio_element_channel_runtime.hpp">
      <Filter>Audio</Filter>
    </ClInclude>
    <ClInclude Include="Audio\audio_package.hpp">
      <Filter>Audio</Filter>
    </ClInclude>
    <ClInclude Include="Audio\audio_package_registry.hpp">
      <Filter>Audio</Filter>
    </ClInclude>
    <ClInclude Include="Audio\audio_stream_controller.hpp">
      <Filter>Audio</Filter>
    </ClInclude>
    <ClInclude Include="Audio\audio_stream_decoder.hpp">
      <Filter>Audio</Filter>
    </ClInclude>
    <ClInclude Include="Audio\audio_stream_mgr.hpp">
      <Filter>Audio</Filter>
    </ClInclude>
    <ClInclude Include="Audio\audio_stream_runtime.hpp">
      <Filter>Audio</Filter>
    </ClInclude>
    <ClInclude Include="Audio\audio_stream_voice_binder.hpp">
      <Filter>Audio</Filter>
    </ClInclude>
    <ClInclude Include="Audio\audio_voice_mgr.hpp">
      <Filter>Audio</Filter>
    </ClInclude>
    <ClInclude Include="IOManager\io_cache.hpp">
      <Filter>IOManager</Filter>
    </ClInclude>
    <ClInclude Include="IOManager\io_device.hpp">
      <Filter>IOManager</Filter>
    </ClInclude>
    <ClInclude Include="IOManager\io_dfs.hpp">
      <Filter>IOManager</Filter>
    </ClInclude>
    <ClInclude Include="IOManager\io_filesystem.hpp">
      <Filter>IOManager</Filter>
    </ClInclude>
    <ClInclude Include="IOManager\io_mgr.hpp">
      <Filter>IOManager</Filter>
    </ClInclude>
    <ClInclude Include="IOManager\io_request.hpp">
      <Filter>IOManager</Filter>
    </ClInclude>
    <ClInclude Include="Network\FiFo.hpp">
      <Filter>Network</Filter>
    </ClInclude>
    <ClInclude Include="Network\NetAddress.hpp">
      <Filter>Network</Filter>
    </ClInclude>
    <ClInclude Include="Network\NetSocket.hpp">
      <Filter>Network</Filter>
    </ClInclude>
    <ClInclude Include="Network\NetStream.hpp">
      <Filter>Network</Filter>
    </ClInclude>
    <ClInclude Include="e_ScratchMem.hpp" />
    <ClInclude Include="e_SimpleAllocator.hpp" />
    <ClInclude Include="e_Text.hpp" />
    <ClInclude Include="e_View.hpp" />
    <ClInclude Include="Entropy.hpp" />
    <ClInclude Include="e_Audio.hpp" />
    <ClInclude Include="e_Composite.hpp" />
    <ClInclude Include="e_Engine.hpp" />
    <ClInclude Include="e_Frame.hpp" />
    <ClInclude Include="e_Input.hpp" />
    <ClInclude Include="Input\e_InputActions.hpp">
      <Filter>Input</Filter>
    </ClInclude>
    <ClInclude Include="Input\e_Input_Gadget_Defines.hpp">
      <Filter>Input</Filter>
    </ClInclude>
    <ClInclude Include="Input\backend\input_backend.hpp">
      <Filter>Input\backend</Filter>
    </ClInclude>
    <ClInclude Include="e_Network.hpp" />
    <ClInclude Include="e_RenderBuffer.hpp" />
    <ClInclude Include="e_RenderState.hpp" />
    <ClInclude Include="e_Shader.hpp" />
    <ClInclude Include="e_VRAM.hpp" />
    <ClInclude Include="SDLEngine\sdleng_private.hpp">
      <Filter>SDLEngine</Filter>
    </ClInclude>
    <ClInclude Include="SDLEngine\sdleng_window.hpp">
      <Filter>SDLEngine</Filter>
    </ClInclude>
    <ClInclude Include="Audio\audio_stream_decoder_factory.hpp">
      <Filter>Audio</Filter>
    </ClInclude>
    <ClInclude Include="Audio\backend\audio_backend.hpp">
      <Filter>Audio\backend</Filter>
    </ClInclude>
    <ClInclude Include="Audio\backend\audio_render_command.hpp">
      <Filter>Audio\backend</Filter>
    </ClInclude>
    <ClInclude Include="Audio\backend\audio_render_command_queue.hpp">
      <Filter>Audio\backend</Filter>
    </ClInclude>
    <ClInclude Include="Audio\audio_helpers.hpp">
      <Filter>Audio</Filter>
    </ClInclude>
    <ClInclude Include="Audio\audio_types.hpp">
      <Filter>Audio</Filter>
    </ClInclude>
    <ClInclude Include="Audio\audio_package_format.hpp">
      <Filter>Audio</Filter>
    </ClInclude>
    <ClInclude Include="Audio\audio_spatial_mgr.hpp">
      <Filter>Audio</Filter>
    </ClInclude>
    <ClInclude Include="Audio\audio_spatial_types.hpp">
      <Filter>Audio</Filter>
    </ClInclude>
    <ClInclude Include="Audio\backend\audio_output_mixer.hpp">
      <Filter>Audio\backend</Filter>
    </ClInclude>
    <ClInclude Include="Audio\backend\sdl\audio_output_sdl.hpp">
      <Filter>Audio\backend\sdl</Filter>
    </ClInclude>
    <ClInclude Include="Network\NetDefines.hpp">
      <Filter>Network</Filter>
    </ClInclude>
    <ClInclude Include="IOManager\io_header.hpp">
      <Filter>IOManager</Filter>
    </ClInclude>
    <ClInclude Include="IOManager\Device_Host\io_device_host.hpp">
      <Filter>IOManager\Device_Host</Filter>
    </ClInclude>
    <ClInclude Include="Audio\codecs\mp3\audio_mp3_stream_decoder_state.hpp">
      <Filter>Audio\codecs\mp3</Filter>
    </ClInclude>
    <ClInclude Include="Audio\codecs\mp3\audio_mp3_stream_decoder.hpp">
      <Filter>Audio\codecs\mp3</Filter>
    </ClInclude>
    <ClInclude Include="e_RenderTarget.hpp" />
    <ClInclude Include="e_ECS.hpp" />
    <ClInclude Include="e_RenderDraw.hpp" />
  </ItemGroup>
</Project>
