<?xml version="1.0" encoding="utf-8"?>
<Project ToolsVersion="4.0" xmlns="http://schemas.microsoft.com/developer/msbuild/2003">
  <ItemGroup>
    <Filter Include="Common">
      <UniqueIdentifier>{84cba3a4-a895-406c-961c-944c4ba12ac6}</UniqueIdentifier>
    </Filter>
    <Filter Include="PC">
      <UniqueIdentifier>{fde31e27-7eae-47de-96d4-cdccc6c0dcb9}</UniqueIdentifier>
    </Filter>
    <Filter Include="PC\Libs">
      <UniqueIdentifier>{9c1f4444-925b-4fc2-bf54-ab33c3fb015f}</UniqueIdentifier>
    </Filter>
    <Filter Include="External">
      <UniqueIdentifier>{1227554f-a32a-4a1f-9e64-e6d68f734608}</UniqueIdentifier>
    </Filter>
    <Filter Include="Audio">
      <UniqueIdentifier>{de2b6ffd-e14d-485a-962c-1a32a52583a0}</UniqueIdentifier>
    </Filter>
    <Filter Include="Audio\Hardware">
      <UniqueIdentifier>{c8a3d48c-ef4c-462f-8b8d-a26dc2be56b3}</UniqueIdentifier>
    </Filter>
    <Filter Include="Audio\IAL">
      <UniqueIdentifier>{1362aa4d-7c13-4214-9e23-05be4f003691}</UniqueIdentifier>
    </Filter>
    <Filter Include="IOManager">
      <UniqueIdentifier>{f2ea50f4-8080-4b64-a540-69763c20e5da}</UniqueIdentifier>
    </Filter>
    <Filter Include="IOManager\Device_DVD">
      <UniqueIdentifier>{810e74a7-120f-4a49-bdc9-c12d7e954968}</UniqueIdentifier>
    </Filter>
    <Filter Include="Network">
      <UniqueIdentifier>{228dc53a-9cb3-4646-83ca-59e43d16ad36}</UniqueIdentifier>
    </Filter>
    <Filter Include="Network\PC">
      <UniqueIdentifier>{81cc25d5-1979-4b76-abc4-88e30c6a67df}</UniqueIdentifier>
    </Filter>
    <Filter Include="MemCard">
      <UniqueIdentifier>{a0b2c32e-1855-4d32-b441-3a7055b9351f}</UniqueIdentifier>
    </Filter>
  </ItemGroup>
  <ItemGroup>
    <ClCompile Include="Common\e_Draw.cpp">
      <Filter>Common</Filter>
    </ClCompile>
    <ClCompile Include="Common\e_Input.cpp">
      <Filter>Common</Filter>
    </ClCompile>
    <ClCompile Include="Common\e_ScratchMem.cpp">
      <Filter>Common</Filter>
    </ClCompile>
    <ClCompile Include="Common\e_SimpleAllocator.cpp">
      <Filter>Common</Filter>
    </ClCompile>
    <ClCompile Include="Common\e_Text.cpp">
      <Filter>Common</Filter>
    </ClCompile>
    <ClCompile Include="Common\e_View.cpp">
      <Filter>Common</Filter>
    </ClCompile>
    <ClCompile Include="D3DEngine\d3deng.cpp">
      <Filter>PC</Filter>
    </ClCompile>
    <ClCompile Include="D3DEngine\d3deng_draw.cpp">
      <Filter>PC</Filter>
    </ClCompile>
    <ClCompile Include="D3DEngine\d3deng_input.cpp">
      <Filter>PC</Filter>
    </ClCompile>
    <ClCompile Include="D3DEngine\d3deng_vram.cpp">
      <Filter>PC</Filter>
    </ClCompile>
    <ClCompile Include="Audio\audio_channel_mgr.cpp">
      <Filter>Audio</Filter>
    </ClCompile>
    <ClCompile Include="Audio\audio_debug.cpp">
      <Filter>Audio</Filter>
    </ClCompile>
    <ClCompile Include="Audio\audio_io_request.cpp">
      <Filter>Audio</Filter>
    </ClCompile>
    <ClCompile Include="Audio\audio_mgr.cpp">
      <Filter>Audio</Filter>
    </ClCompile>
    <ClCompile Include="Audio\audio_mp3_mgr.cpp">
      <Filter>Audio</Filter>
    </ClCompile>
    <ClCompile Include="Audio\audio_package.cpp">
      <Filter>Audio</Filter>
    </ClCompile>
    <ClCompile Include="Audio\audio_ram_mgr.cpp">
      <Filter>Audio</Filter>
    </ClCompile>
    <ClCompile Include="Audio\audio_stream_controller.cpp">
      <Filter>Audio</Filter>
    </ClCompile>
    <ClCompile Include="Audio\audio_stream_mgr.cpp">
      <Filter>Audio</Filter>
    </ClCompile>
    <ClCompile Include="Audio\audio_voice_mgr.cpp">
      <Filter>Audio</Filter>
    </ClCompile>
    <ClCompile Include="Audio\Hardware\audio_hardware_pc.cpp">
      <Filter>Audio\Hardware</Filter>
    </ClCompile>
    <ClCompile Include="Audio\Hardware\audio_stream_pc.cpp">
      <Filter>Audio\Hardware</Filter>
    </ClCompile>
    <ClCompile Include="Audio\IAL\IAL.cpp">
      <Filter>Audio\IAL</Filter>
    </ClCompile>
    <ClCompile Include="IOManager\io_cache.cpp">
      <Filter>IOManager</Filter>
    </ClCompile>
    <ClCompile Include="IOManager\io_device.cpp">
      <Filter>IOManager</Filter>
    </ClCompile>
    <ClCompile Include="IOManager\device_net\io_device_net.cpp">
      <Filter>IOManager</Filter>
    </ClCompile>
    <ClCompile Include="IOManager\io_device_netfs.cpp">
      <Filter>IOManager</Filter>
    </ClCompile>
    <ClCompile Include="IOManager\io_dfs.cpp">
      <Filter>IOManager</Filter>
    </ClCompile>
    <ClCompile Include="IOManager\io_filesystem.cpp">
      <Filter>IOManager</Filter>
    </ClCompile>
    <ClCompile Include="IOManager\io_mgr.cpp">
      <Filter>IOManager</Filter>
    </ClCompile>
    <ClCompile Include="IOManager\io_request.cpp">
      <Filter>IOManager</Filter>
    </ClCompile>
    <ClCompile Include="IOManager\Device_DVD\io_device_dvd.cpp">
      <Filter>IOManager\Device_DVD</Filter>
    </ClCompile>
    <ClCompile Include="IOManager\Device_DVD\io_device_dvd_pc.cpp">
      <Filter>IOManager\Device_DVD</Filter>
    </ClCompile>
    <ClCompile Include="Network\fifo.cpp">
      <Filter>Network</Filter>
    </ClCompile>
    <ClCompile Include="Network\netaddress.cpp">
      <Filter>Network</Filter>
    </ClCompile>
    <ClCompile Include="Network\NetCommon.cpp">
      <Filter>Network</Filter>
    </ClCompile>
    <ClCompile Include="Network\netsocket.cpp">
      <Filter>Network</Filter>
    </ClCompile>
    <ClCompile Include="Network\netstream.cpp">
      <Filter>Network</Filter>
    </ClCompile>
    <ClCompile Include="Network\PC\NetLib.cpp">
      <Filter>Network\PC</Filter>
    </ClCompile>
    <ClCompile Include="MemCard\memcard.cpp">
      <Filter>MemCard</Filter>
    </ClCompile>
    <ClCompile Include="MemCard\memcard_pc.cpp">
      <Filter>MemCard</Filter>
    </ClCompile>
    <ClCompile Include="e_Profile.cpp" />
    <ClCompile Include="D3DEngine\d3deng_font.cpp">
      <Filter>PC</Filter>
    </ClCompile>
    <ClCompile Include="Common\e_Virtual.cpp">
      <Filter>Common</Filter>
    </ClCompile>
    <ClCompile Include="D3DEngine\d3deng_shader.cpp">
      <Filter>PC</Filter>
    </ClCompile>
    <ClCompile Include="D3DEngine\d3deng_rtarget.cpp">
      <Filter>PC</Filter>
    </ClCompile>
    <ClCompile Include="D3DEngine\d3deng_state.cpp">
      <Filter>PC</Filter>
    </ClCompile>
    <ClCompile Include="D3DEngine\d3deng_composite.cpp">
      <Filter>PC</Filter>
    </ClCompile>
  </ItemGroup>
  <ItemGroup>
    <ClInclude Include="Audio\audio_channel_mgr.hpp">
      <Filter>Audio</Filter>
    </ClInclude>
    <ClInclude Include="Audio\audio_package.hpp">
      <Filter>Audio</Filter>
    </ClInclude>
    <ClInclude Include="Audio\audio_stream_controller.hpp">
      <Filter>Audio</Filter>
    </ClInclude>
    <ClInclude Include="Audio\audio_stream_mgr.hpp">
      <Filter>Audio</Filter>
    </ClInclude>
    <ClInclude Include="Audio\audio_voice_mgr.hpp">
      <Filter>Audio</Filter>
    </ClInclude>
    <ClInclude Include="IOManager\io_cache.hpp">
      <Filter>IOManager</Filter>
    </ClInclude>
    <ClInclude Include="IOManager\io_device.hpp">
      <Filter>IOManager</Filter>
    </ClInclude>
    <ClInclude Include="IOManager\device_net\io_device_net.hpp">
      <Filter>IOManager</Filter>
    </ClInclude>
    <ClInclude Include="IOManager\io_dfs.hpp">
      <Filter>IOManager</Filter>
    </ClInclude>
    <ClInclude Include="IOManager\io_filesystem.hpp">
      <Filter>IOManager</Filter>
    </ClInclude>
    <ClInclude Include="IOManager\io_mgr.hpp">
      <Filter>IOManager</Filter>
    </ClInclude>
    <ClInclude Include="IOManager\io_request.hpp">
      <Filter>IOManager</Filter>
    </ClInclude>
    <ClInclude Include="IOManager\Device_DVD\io_device_dvd.hpp">
      <Filter>IOManager\Device_DVD</Filter>
    </ClInclude>
    <ClInclude Include="Network\fifo.hpp">
      <Filter>Network</Filter>
    </ClInclude>
    <ClInclude Include="Network\netaddress.hpp">
      <Filter>Network</Filter>
    </ClInclude>
    <ClInclude Include="Network\netsocket.hpp">
      <Filter>Network</Filter>
    </ClInclude>
    <ClInclude Include="Network\netstream.hpp">
      <Filter>Network</Filter>
    </ClInclude>
    <ClInclude Include="e_Draw.hpp" />
    <ClInclude Include="e_ScratchMem.hpp" />
    <ClInclude Include="e_SimpleAllocator.hpp" />
    <ClInclude Include="e_Text.hpp" />
    <ClInclude Include="e_View.hpp" />
    <ClInclude Include="e_Virtual.hpp" />
    <ClInclude Include="Entropy.hpp" />
    <ClInclude Include="e_Audio.hpp" />
    <ClInclude Include="e_Engine.hpp" />
    <ClInclude Include="e_Input.hpp" />
    <ClInclude Include="e_Input_Gadgets.hpp" />
    <ClInclude Include="e_Input_Gadget_Defines.hpp" />
    <ClInclude Include="e_Network.hpp" />
    <ClInclude Include="e_Profile.hpp" />
    <ClInclude Include="e_VRAM.hpp" />
    <ClInclude Include="Common\e_View_inline.hpp" />
    <ClInclude Include="D3DEngine\d3deng_font.hpp">
      <Filter>PC</Filter>
    </ClInclude>
    <ClInclude Include="D3DEngine\d3deng_private.hpp">
      <Filter>PC</Filter>
    </ClInclude>
    <ClInclude Include="Audio\audio_debug.hpp">
      <Filter>Audio</Filter>
    </ClInclude>
    <ClInclude Include="Audio\audio_hardware.hpp">
      <Filter>Audio</Filter>
    </ClInclude>
    <ClInclude Include="Audio\audio_inline.hpp">
      <Filter>Audio</Filter>
    </ClInclude>
    <ClInclude Include="Audio\audio_io_request.hpp">
      <Filter>Audio</Filter>
    </ClInclude>
    <ClInclude Include="Audio\audio_mp3_mgr.hpp">
      <Filter>Audio</Filter>
    </ClInclude>
    <ClInclude Include="Audio\audio_private.hpp">
      <Filter>Audio</Filter>
    </ClInclude>
    <ClInclude Include="Audio\audio_private_pkg.hpp">
      <Filter>Audio</Filter>
    </ClInclude>
    <ClInclude Include="Audio\audio_ram_mgr.hpp">
      <Filter>Audio</Filter>
    </ClInclude>
    <ClInclude Include="Audio\IAL\IAL.h">
      <Filter>Audio\IAL</Filter>
    </ClInclude>
    <ClInclude Include="Network\netdefines.hpp">
      <Filter>Network</Filter>
    </ClInclude>
    <ClInclude Include="IOManager\io_header.hpp">
      <Filter>IOManager</Filter>
    </ClInclude>
    <ClInclude Include="IOManager\io_device_netfs.hpp">
      <Filter>IOManager</Filter>
    </ClInclude>
    <ClInclude Include="Audio\Hardware\audio_prologic2.hpp">
      <Filter>Audio\Hardware</Filter>
    </ClInclude>
    <ClInclude Include="D3DEngine\d3deng_shader.hpp">
      <Filter>PC</Filter>
    </ClInclude>
    <ClInclude Include="D3DEngine\d3deng_rtarget.hpp">
      <Filter>PC</Filter>
    </ClInclude>
    <ClInclude Include="D3DEngine\d3deng_state.hpp">
      <Filter>PC</Filter>
    </ClInclude>
    <ClInclude Include="D3DEngine\d3deng_composite.hpp">
      <Filter>PC</Filter>
    </ClInclude>
  </ItemGroup>
</Project>