<Solution>
  <Configurations>
    <BuildType Name="Debug" />
    <BuildType Name="EDITOR-Debug" />
    <BuildType Name="OptDebug" />
    <BuildType Name="QA" />
    <BuildType Name="Release" />
    <Platform Name="ARM64" />
    <Platform Name="Win32" />
    <Platform Name="x64" />
  </Configurations>
  <Project Path="Entropy.vcxproj" Id="a8af0f46-11ed-4d6e-b6d4-96b32f64476a" />
</Solution>
