<Solution>
  <Configurations>
    <BuildType Name="Debug" />
    <BuildType Name="EDITOR-Debug" />
    <BuildType Name="OptDebug" />
    <BuildType Name="QA" />
    <BuildType Name="Release" />
    <BuildType Name="VIEWER-Debug" />
    <Platform Name="Win32" />
  </Configurations>
  <Project Path="../../../xCore/Auxiliary/Bitmap/aux_Bitmap.vcxproj" />
  <Project Path="../../../xCore/Auxiliary/fx_Core/fx_Core.vcxproj">
    <BuildType Solution="VIEWER-Debug|*" Project="Release" />
  </Project>
  <Project Path="../../../xCore/Entropy/Entropy.vcxproj" />
  <Project Path="../../../xCore/MeshUtil/MeshUtil.vcxproj" />
  <Project Path="../../../xCore/Parsing/Parsing.vcxproj" />
  <Project Path="../../../xCore/x_files/x_files.vcxproj" />
  <Project Path="FXCompiler.vcxproj">
    <BuildType Solution="EDITOR-Debug|*" Project="OptDebug" />
    <BuildType Solution="VIEWER-Debug|*" Project="Release" />
  </Project>
</Solution>
