<Solution>
  <Configurations>
    <BuildType Name="Debug" />
    <BuildType Name="EDITOR-Debug" />
    <BuildType Name="OptDebug" />
    <BuildType Name="QA" />
    <BuildType Name="Release" />
    <Platform Name="ARM64" />
    <Platform Name="Win32" />
    <Platform Name="x64" />
  </Configurations>
  <Project Path="../../../xCore/Auxiliary/CommandLine/CommandLine.vcxproj" Id="7b3440e7-4b4e-4400-9cc7-03a109deb88d">
    <BuildType Solution="EDITOR-Debug|*" Project="OptDebug" />
  </Project>
  <Project Path="../../../xCore/Entropy/Entropy.vcxproj" Id="a8af0f46-11ed-4d6e-b6d4-96b32f64476a" />
  <Project Path="../../../xCore/MeshUtil/MeshUtil.vcxproj" Id="36fb18de-fa6a-4093-9bad-8a025a7f218d" />
  <Project Path="../../../xCore/Parsing/Parsing.vcxproj" Id="bcc5edd0-c48b-4f3a-bfcf-d72a676d0749" />
  <Project Path="../../../xCore/x_files/x_files.vcxproj" Id="a4275571-0365-47b6-8d23-910f33690d4b" />
  <Project Path="AnimCompiler.vcxproj" Id="c8504ef6-8a44-46dc-b651-d1a2143ecd83">
    <BuildType Solution="EDITOR-Debug|*" Project="OptDebug" />
  </Project>
</Solution>
