<?xml version="1.0" encoding="utf-8"?>
<Project ToolsVersion="4.0" xmlns="http://schemas.microsoft.com/developer/msbuild/2003">
  <ItemGroup>
    <Filter Include="ResourceMgr">
      <UniqueIdentifier>{aba69714-d74e-429f-abc4-288542585239}</UniqueIdentifier>
    </Filter>
  </ItemGroup>
  <ItemGroup>
    <ClInclude Include="..\..\ResourceMgr\inline_ResourceMgr.hpp">
      <Filter>ResourceMgr</Filter>
    </ClInclude>
    <ClInclude Include="..\..\ResourceMgr\ResourceMgr.hpp">
      <Filter>ResourceMgr</Filter>
    </ClInclude>
    <ClInclude Include="AnimCompiler.hpp" />
    <ClInclude Include="..\..\Animation\AnimData.hpp" />
  </ItemGroup>
  <ItemGroup>
    <ClCompile Include="..\..\ResourceMgr\ResourceMgr.cpp">
      <Filter>ResourceMgr</Filter>
    </ClCompile>
    <ClCompile Include="AnimCompiler.cpp" />
    <ClCompile Include="..\..\Animation\AnimCompress.cpp" />
    <ClCompile Include="..\..\Animation\AnimDecompress.cpp" />
    <ClCompile Include="..\..\Animation\AnimEvent.cpp" />
    <ClCompile Include="..\..\Animation\AnimGroup.cpp" />
    <ClCompile Include="..\..\Animation\AnimInfo.cpp" />
    <ClCompile Include="..\..\Animation\AnimKeyData.cpp" />
    <ClCompile Include="main.cpp" />
  </ItemGroup>
</Project>