<?xml version="1.0" encoding="utf-8"?>
<Project ToolsVersion="4.0" xmlns="http://schemas.microsoft.com/developer/msbuild/2003">
  <ItemGroup>
    <Filter Include="PC">
      <UniqueIdentifier>{8f9eb36c-f5da-4a90-94b0-c4a00acda577}</UniqueIdentifier>
      <Extensions>cpp;hpp</Extensions>
    </Filter>
    <Filter Include="LeastSquares">
      <UniqueIdentifier>{5b4a0b8c-44b0-4876-823f-0baf8d4018e9}</UniqueIdentifier>
    </Filter>
    <Filter Include="Editor">
      <UniqueIdentifier>{fe1a3ca0-29cf-4322-9ea7-14c2ff615a83}</UniqueIdentifier>
    </Filter>
    <Filter Include="Editor\Icons">
      <UniqueIdentifier>{1d4c8db3-2ebb-47ba-b868-25180cf10329}</UniqueIdentifier>
    </Filter>
    <Filter Include="PC\PostMgr">
      <UniqueIdentifier>{ab60e8ec-bda8-4643-a675-fb58a517d75e}</UniqueIdentifier>
    </Filter>
  </ItemGroup>
  <ItemGroup>
    <ClCompile Include="Pc\SoftVertexMgr.cpp">
      <Filter>PC</Filter>
    </ClCompile>
    <ClCompile Include="Pc\VertexMgr.cpp">
      <Filter>PC</Filter>
    </ClCompile>
    <ClCompile Include="LeastSquares\LeastSquares.cpp">
      <Filter>LeastSquares</Filter>
    </ClCompile>
    <ClCompile Include="Editor\editor_icons.cpp">
      <Filter>Editor</Filter>
    </ClCompile>
    <ClCompile Include="PC\MaterialMgr.cpp">
      <Filter>PC</Filter>
    </ClCompile>
    <ClCompile Include="PC\GBufferMgr.cpp">
      <Filter>PC</Filter>
    </ClCompile>
    <ClCompile Include="CollisionVolume.cpp" />
    <ClCompile Include="geom.cpp" />
    <ClCompile Include="LightMgr.cpp" />
    <ClCompile Include="Material.cpp" />
    <ClCompile Include="MaterialArray.cpp" />
    <ClCompile Include="ProjTextureMgr.cpp" />
    <ClCompile Include="Render.cpp" />
    <ClCompile Include="RigidGeom.cpp" />
    <ClCompile Include="SkinGeom.cpp" />
    <ClCompile Include="Texture.cpp" />
    <ClCompile Include="PC\PostMgr\PostMgr_Filters.cpp">
      <Filter>PC\PostMgr</Filter>
    </ClCompile>
    <ClCompile Include="PC\PostMgr\PostMgr_Glow.cpp">
      <Filter>PC\PostMgr</Filter>
    </ClCompile>
    <ClCompile Include="PC\PostMgr\PostMgr.cpp">
      <Filter>PC\PostMgr</Filter>
    </ClCompile>
  </ItemGroup>
  <ItemGroup>
    <ClInclude Include="Pc\SoftVertexMgr.hpp">
      <Filter>PC</Filter>
    </ClInclude>
    <ClInclude Include="Pc\VertexMgr.hpp">
      <Filter>PC</Filter>
    </ClInclude>
    <ClInclude Include="LeastSquares\LeastSquares.hpp">
      <Filter>LeastSquares</Filter>
    </ClInclude>
    <ClInclude Include="PC\MaterialMgr.hpp">
      <Filter>PC</Filter>
    </ClInclude>
    <ClInclude Include="PC\GBufferMgr.hpp">
      <Filter>PC</Filter>
    </ClInclude>
    <ClInclude Include="Texture.hpp" />
    <ClInclude Include="CollisionVolume.hpp" />
    <ClInclude Include="geom.hpp" />
    <ClInclude Include="LightMgr.hpp" />
    <ClInclude Include="Material.hpp" />
    <ClInclude Include="Material_Prefs.hpp" />
    <ClInclude Include="MaterialArray.hpp" />
    <ClInclude Include="platform_Render.hpp" />
    <ClInclude Include="ProjTextureMgr.hpp" />
    <ClInclude Include="Render.hpp" />
    <ClInclude Include="RigidGeom.hpp" />
    <ClInclude Include="SkinGeom.hpp" />
    <ClInclude Include="PC\PostMgr\PostMgr.hpp">
      <Filter>PC\PostMgr</Filter>
    </ClInclude>
  </ItemGroup>
  <ItemGroup>
    <None Include="Pc\pc_platform.inl">
      <Filter>PC</Filter>
    </None>
  </ItemGroup>
</Project>