Microsoft Visual Studio Solution File, Format Version 12.00
# Visual Studio Version 17
VisualStudioVersion = 17.14.36202.13
MinimumVisualStudioVersion = 10.0.40219.1
Project("{8BC9CEB8-8B4A-11D0-8D11-00A0C91BC942}") = "Render", "Render.vcxproj", "{15DB23D2-38F7-489C-A130-BFF6C1BBCC00}"
EndProject
Global
	GlobalSection(SolutionConfigurationPlatforms) = preSolution
		Debug|ARM64 = Debug|ARM64
		Debug|Win32 = Debug|Win32
		Debug|x64 = Debug|x64
		EDITOR-Debug|ARM64 = EDITOR-Debug|ARM64
		EDITOR-Debug|Win32 = EDITOR-Debug|Win32
		EDITOR-Debug|x64 = EDITOR-Debug|x64
		OptDebug|ARM64 = OptDebug|ARM64
		OptDebug|Win32 = OptDebug|Win32
		OptDebug|x64 = OptDebug|x64
		QA|ARM64 = QA|ARM64
		QA|Win32 = QA|Win32
		QA|x64 = QA|x64
		Release|ARM64 = Release|ARM64
		Release|Win32 = Release|Win32
		Release|x64 = Release|x64
		VIEWER-Debug|ARM64 = VIEWER-Debug|ARM64
		VIEWER-Debug|Win32 = VIEWER-Debug|Win32
		VIEWER-Debug|x64 = VIEWER-Debug|x64
	EndGlobalSection
	GlobalSection(ProjectConfigurationPlatforms) = postSolution
		{15DB23D2-38F7-489C-A130-BFF6C1BBCC00}.Debug|ARM64.ActiveCfg = Debug|ARM64
		{15DB23D2-38F7-489C-A130-BFF6C1BBCC00}.Debug|ARM64.Build.0 = Debug|ARM64
		{15DB23D2-38F7-489C-A130-BFF6C1BBCC00}.Debug|Win32.ActiveCfg = Debug|Win32
		{15DB23D2-38F7-489C-A130-BFF6C1BBCC00}.Debug|Win32.Build.0 = Debug|Win32
		{15DB23D2-38F7-489C-A130-BFF6C1BBCC00}.Debug|x64.ActiveCfg = Debug|x64
		{15DB23D2-38F7-489C-A130-BFF6C1BBCC00}.Debug|x64.Build.0 = Debug|x64
		{15DB23D2-38F7-489C-A130-BFF6C1BBCC00}.EDITOR-Debug|ARM64.ActiveCfg = EDITOR-Debug|ARM64
		{15DB23D2-38F7-489C-A130-BFF6C1BBCC00}.EDITOR-Debug|ARM64.Build.0 = EDITOR-Debug|ARM64
		{15DB23D2-38F7-489C-A130-BFF6C1BBCC00}.EDITOR-Debug|Win32.ActiveCfg = EDITOR-Debug|Win32
		{15DB23D2-38F7-489C-A130-BFF6C1BBCC00}.EDITOR-Debug|Win32.Build.0 = EDITOR-Debug|Win32
		{15DB23D2-38F7-489C-A130-BFF6C1BBCC00}.EDITOR-Debug|x64.ActiveCfg = EDITOR-Debug|x64
		{15DB23D2-38F7-489C-A130-BFF6C1BBCC00}.EDITOR-Debug|x64.Build.0 = EDITOR-Debug|x64
		{15DB23D2-38F7-489C-A130-BFF6C1BBCC00}.OptDebug|ARM64.ActiveCfg = OptDebug|ARM64
		{15DB23D2-38F7-489C-A130-BFF6C1BBCC00}.OptDebug|ARM64.Build.0 = OptDebug|ARM64
		{15DB23D2-38F7-489C-A130-BFF6C1BBCC00}.OptDebug|Win32.ActiveCfg = OptDebug|Win32
		{15DB23D2-38F7-489C-A130-BFF6C1BBCC00}.OptDebug|Win32.Build.0 = OptDebug|Win32
		{15DB23D2-38F7-489C-A130-BFF6C1BBCC00}.OptDebug|x64.ActiveCfg = OptDebug|x64
		{15DB23D2-38F7-489C-A130-BFF6C1BBCC00}.OptDebug|x64.Build.0 = OptDebug|x64
		{15DB23D2-38F7-489C-A130-BFF6C1BBCC00}.QA|ARM64.ActiveCfg = QA|ARM64
		{15DB23D2-38F7-489C-A130-BFF6C1BBCC00}.QA|ARM64.Build.0 = QA|ARM64
		{15DB23D2-38F7-489C-A130-BFF6C1BBCC00}.QA|Win32.ActiveCfg = QA|Win32
		{15DB23D2-38F7-489C-A130-BFF6C1BBCC00}.QA|Win32.Build.0 = QA|Win32
		{15DB23D2-38F7-489C-A130-BFF6C1BBCC00}.QA|x64.ActiveCfg = QA|x64
		{15DB23D2-38F7-489C-A130-BFF6C1BBCC00}.QA|x64.Build.0 = QA|x64
		{15DB23D2-38F7-489C-A130-BFF6C1BBCC00}.Release|ARM64.ActiveCfg = Release|ARM64
		{15DB23D2-38F7-489C-A130-BFF6C1BBCC00}.Release|ARM64.Build.0 = Release|ARM64
		{15DB23D2-38F7-489C-A130-BFF6C1BBCC00}.Release|Win32.ActiveCfg = Release|Win32
		{15DB23D2-38F7-489C-A130-BFF6C1BBCC00}.Release|Win32.Build.0 = Release|Win32
		{15DB23D2-38F7-489C-A130-BFF6C1BBCC00}.Release|x64.ActiveCfg = Release|x64
		{15DB23D2-38F7-489C-A130-BFF6C1BBCC00}.Release|x64.Build.0 = Release|x64
		{15DB23D2-38F7-489C-A130-BFF6C1BBCC00}.VIEWER-Debug|ARM64.ActiveCfg = VIEWER-Debug|ARM64
		{15DB23D2-38F7-489C-A130-BFF6C1BBCC00}.VIEWER-Debug|ARM64.Build.0 = VIEWER-Debug|ARM64
		{15DB23D2-38F7-489C-A130-BFF6C1BBCC00}.VIEWER-Debug|Win32.ActiveCfg = VIEWER-Debug|Win32
		{15DB23D2-38F7-489C-A130-BFF6C1BBCC00}.VIEWER-Debug|Win32.Build.0 = VIEWER-Debug|Win32
		{15DB23D2-38F7-489C-A130-BFF6C1BBCC00}.VIEWER-Debug|x64.ActiveCfg = VIEWER-Debug|x64
		{15DB23D2-38F7-489C-A130-BFF6C1BBCC00}.VIEWER-Debug|x64.Build.0 = VIEWER-Debug|x64
	EndGlobalSection
	GlobalSection(SolutionProperties) = preSolution
		HideSolutionNode = FALSE
	EndGlobalSection
	GlobalSection(ExtensibilityGlobals) = postSolution
		SolutionGuid = {D0ED5376-5868-4308-9851-312CC2AF0BCA}
	EndGlobalSection
EndGlobal
