<Solution>
  <Configurations>
    <BuildType Name="Debug" />
    <BuildType Name="Debug Xbox" />
    <BuildType Name="EDITOR-Debug" />
    <BuildType Name="OptDebug" />
    <BuildType Name="OptDebug Xbox" />
    <BuildType Name="QA" />
    <BuildType Name="QA Xbox" />
    <BuildType Name="Release" />
    <BuildType Name="Release Xbox" />
    <BuildType Name="VIEWER-Debug" />
    <Platform Name="Win32" />
  </Configurations>
  <Project Path="UserInterface.vcxproj">
    <BuildType Solution="Debug Xbox|*" Project="Debug" />
    <BuildType Solution="OptDebug Xbox|*" Project="OptDebug" />
    <BuildType Solution="QA Xbox|*" Project="QA" />
    <BuildType Solution="Release Xbox|*" Project="Release" />
    <Platform Solution="Debug Xbox|*" Project="Xbox" />
    <Platform Solution="OptDebug Xbox|*" Project="Xbox" />
    <Platform Solution="QA Xbox|*" Project="Xbox" />
    <Platform Solution="Release Xbox|*" Project="Xbox" />
  </Project>
</Solution>
