<?xml version="1.0" encoding="utf-8"?>
<Project ToolsVersion="4.0" xmlns="http://schemas.microsoft.com/developer/msbuild/2003">
  <ItemGroup>
    <Filter Include="Configuration">
      <UniqueIdentifier>{a9c3d53c-baa8-4d6c-b599-4e08b29fde10}</UniqueIdentifier>
    </Filter>
    <Filter Include="Configuration\PS2">
      <UniqueIdentifier>{f0486dce-5ed7-409e-ace9-14b45bd7ae35}</UniqueIdentifier>
    </Filter>
    <Filter Include="Configuration\XBOX">
      <UniqueIdentifier>{b5da1454-ce93-492b-adb4-4f494001bc12}</UniqueIdentifier>
    </Filter>
    <Filter Include="Configuration\PC">
      <UniqueIdentifier>{cb381072-54e2-4253-863b-24d681f1815f}</UniqueIdentifier>
    </Filter>
    <Filter Include="Media">
      <UniqueIdentifier>{75ce605b-ecd9-45e0-8676-dbd94d9e43e9}</UniqueIdentifier>
    </Filter>
  </ItemGroup>
  <ItemGroup>
    <ClCompile Include="Config.cpp">
      <Filter>Configuration</Filter>
    </ClCompile>
    <ClCompile Include="IniFile.cpp">
      <Filter>Configuration</Filter>
    </ClCompile>
    <ClCompile Include="main.cpp" />
    <ClCompile Include="rtf_handler.cpp" />
    <ClCompile Include="Version.cpp" />
  </ItemGroup>
  <ItemGroup>
    <ClInclude Include="Config.hpp">
      <Filter>Configuration</Filter>
    </ClInclude>
    <ClInclude Include="IniFile.hpp">
      <Filter>Configuration</Filter>
    </ClInclude>
    <ClInclude Include="main.hpp" />
  </ItemGroup>
  <ItemGroup>
    <None Include="media\saves.rdf">
      <Filter>Media</Filter>
    </None>
    <None Include="media\title.rdf">
      <Filter>Media</Filter>
    </None>
    <None Include="main_pc.inl" />
  </ItemGroup>
</Project>