Microsoft Visual Studio Solution File, Format Version 12.00
# Visual Studio Version 17
VisualStudioVersion = 17.14.36202.13 d17.14
MinimumVisualStudioVersion = 10.0.40219.1
Project("{8BC9CEB8-8B4A-11D0-8D11-00A0C91BC942}") = "A51", "A51.vcxproj", "{E8B6020E-7351-47C5-BAB8-765DA5E8B9B5}"
EndProject
Project("{8BC9CEB8-8B4A-11D0-8D11-00A0C91BC942}") = "audiomgr", "..\..\Support\AudioMgr\AudioMgr.vcxproj", "{55221814-70E0-430B-8947-881F19D9EE9F}"
EndProject
Project("{8BC9CEB8-8B4A-11D0-8D11-00A0C91BC942}") = "ConversationMgr", "..\..\Support\ConversationMgr\ConversationMgr.vcxproj", "{BD7CC635-CFED-4BBC-AA1A-A3FE8BBF00CC}"
EndProject
Project("{8BC9CEB8-8B4A-11D0-8D11-00A0C91BC942}") = "GameLib", "..\..\Support\GameLib\Gamelib.vcxproj", "{6AAD82B8-A6C4-41E4-AB06-3E5C0E68AAFE}"
EndProject
Project("{8BC9CEB8-8B4A-11D0-8D11-00A0C91BC942}") = "music_mgr", "..\..\Support\Music_mgr\Music_mgr.vcxproj", "{0DE696A2-85BD-4B78-8DCC-5329B99D5AEB}"
EndProject
Project("{8BC9CEB8-8B4A-11D0-8D11-00A0C91BC942}") = "Render", "..\..\Support\Render\Render.vcxproj", "{15DB23D2-38F7-489C-A130-BFF6C1BBCC00}"
EndProject
Project("{8BC9CEB8-8B4A-11D0-8D11-00A0C91BC942}") = "StringMgr", "..\..\Support\StringMgr\StringMgr.vcxproj", "{7085C1E2-423D-4D4E-BC7D-1BA4B23F37C6}"
EndProject
Project("{8BC9CEB8-8B4A-11D0-8D11-00A0C91BC942}") = "Entropy", "..\..\xCore\Entropy\Entropy.vcxproj", "{A8AF0F46-11ED-4D6E-B6D4-96B32F64476A}"
EndProject
Project("{8BC9CEB8-8B4A-11D0-8D11-00A0C91BC942}") = "Parsing", "..\..\xCore\Parsing\Parsing.vcxproj", "{BCC5EDD0-C48B-4F3A-BFCF-D72A676D0749}"
EndProject
Project("{8BC9CEB8-8B4A-11D0-8D11-00A0C91BC942}") = "x_files", "..\..\xCore\x_files\x_files.vcxproj", "{A4275571-0365-47B6-8D23-910F33690D4B}"
EndProject
Project("{8BC9CEB8-8B4A-11D0-8D11-00A0C91BC942}") = "aux_Bitmap", "..\..\xCore\Auxiliary\Bitmap\aux_Bitmap.vcxproj", "{9CA26E69-C9C6-433E-80D7-D28AC74C5D85}"
EndProject
Project("{8BC9CEB8-8B4A-11D0-8D11-00A0C91BC942}") = "EventMgr", "..\..\Support\EventMgr\EventMgr.vcxproj", "{363B0366-F4A2-4622-8ED8-225D1B5166B7}"
EndProject
Project("{8BC9CEB8-8B4A-11D0-8D11-00A0C91BC942}") = "fx_RunTime", "..\..\xCore\Auxiliary\fx_RunTime\fx_RunTime.vcxproj", "{4283CEE3-79DE-4B21-97C3-D54749EF3907}"
EndProject
Project("{8BC9CEB8-8B4A-11D0-8D11-00A0C91BC942}") = "NetworkMgr", "..\..\Support\NetworkMgr\NetworkMgr.vcxproj", "{8946D9DC-520E-4B19-BD73-1B0ED91C66BA}"
EndProject
Project("{8BC9CEB8-8B4A-11D0-8D11-00A0C91BC942}") = "UserInterface", "..\..\Support\Dialogs\UserInterface.vcxproj", "{EBC1773D-9BCC-4125-8069-F3EC6637B4BB}"
EndProject
Global
	GlobalSection(SolutionConfigurationPlatforms) = preSolution
		Debug|x86 = Debug|x86
		EDITOR-Debug|x86 = EDITOR-Debug|x86
		OptDebug|x86 = OptDebug|x86
		QA|x86 = QA|x86
		Release|x86 = Release|x86
		VIEWER-Debug|x86 = VIEWER-Debug|x86
		WIN32-Debug|x86 = WIN32-Debug|x86
		WIN32-OptDebug|x86 = WIN32-OptDebug|x86
		WIN32-QA|x86 = WIN32-QA|x86
		WIN32-Release|x86 = WIN32-Release|x86
		XBOX-Debug|x86 = XBOX-Debug|x86
		XBOX-OptDebug|x86 = XBOX-OptDebug|x86
		XBOX-QA|x86 = XBOX-QA|x86
		XBOX-Release|x86 = XBOX-Release|x86
	EndGlobalSection
	GlobalSection(ProjectConfigurationPlatforms) = postSolution
		{E8B6020E-7351-47C5-BAB8-765DA5E8B9B5}.Debug|x86.ActiveCfg = Debug|Win32
		{E8B6020E-7351-47C5-BAB8-765DA5E8B9B5}.Debug|x86.Build.0 = Debug|Win32
		{E8B6020E-7351-47C5-BAB8-765DA5E8B9B5}.EDITOR-Debug|x86.ActiveCfg = OptDebug|Win32
		{E8B6020E-7351-47C5-BAB8-765DA5E8B9B5}.EDITOR-Debug|x86.Build.0 = OptDebug|Win32
		{E8B6020E-7351-47C5-BAB8-765DA5E8B9B5}.OptDebug|x86.ActiveCfg = OptDebug|Win32
		{E8B6020E-7351-47C5-BAB8-765DA5E8B9B5}.OptDebug|x86.Build.0 = OptDebug|Win32
		{E8B6020E-7351-47C5-BAB8-765DA5E8B9B5}.QA|x86.ActiveCfg = QA|Win32
		{E8B6020E-7351-47C5-BAB8-765DA5E8B9B5}.QA|x86.Build.0 = QA|Win32
		{E8B6020E-7351-47C5-BAB8-765DA5E8B9B5}.Release|x86.ActiveCfg = Release|Win32
		{E8B6020E-7351-47C5-BAB8-765DA5E8B9B5}.Release|x86.Build.0 = Release|Win32
		{E8B6020E-7351-47C5-BAB8-765DA5E8B9B5}.VIEWER-Debug|x86.ActiveCfg = Release|Win32
		{E8B6020E-7351-47C5-BAB8-765DA5E8B9B5}.VIEWER-Debug|x86.Build.0 = Release|Win32
		{E8B6020E-7351-47C5-BAB8-765DA5E8B9B5}.WIN32-Debug|x86.ActiveCfg = OptDebug|Win32
		{E8B6020E-7351-47C5-BAB8-765DA5E8B9B5}.WIN32-Debug|x86.Build.0 = OptDebug|Win32
		{E8B6020E-7351-47C5-BAB8-765DA5E8B9B5}.WIN32-OptDebug|x86.ActiveCfg = OptDebug|Win32
		{E8B6020E-7351-47C5-BAB8-765DA5E8B9B5}.WIN32-OptDebug|x86.Build.0 = OptDebug|Win32
		{E8B6020E-7351-47C5-BAB8-765DA5E8B9B5}.WIN32-QA|x86.ActiveCfg = OptDebug|Win32
		{E8B6020E-7351-47C5-BAB8-765DA5E8B9B5}.WIN32-QA|x86.Build.0 = OptDebug|Win32
		{E8B6020E-7351-47C5-BAB8-765DA5E8B9B5}.WIN32-Release|x86.ActiveCfg = OptDebug|Win32
		{E8B6020E-7351-47C5-BAB8-765DA5E8B9B5}.WIN32-Release|x86.Build.0 = OptDebug|Win32
		{E8B6020E-7351-47C5-BAB8-765DA5E8B9B5}.XBOX-Debug|x86.ActiveCfg = OptDebug|Win32
		{E8B6020E-7351-47C5-BAB8-765DA5E8B9B5}.XBOX-Debug|x86.Build.0 = OptDebug|Win32
		{E8B6020E-7351-47C5-BAB8-765DA5E8B9B5}.XBOX-OptDebug|x86.ActiveCfg = OptDebug|Win32
		{E8B6020E-7351-47C5-BAB8-765DA5E8B9B5}.XBOX-OptDebug|x86.Build.0 = OptDebug|Win32
		{E8B6020E-7351-47C5-BAB8-765DA5E8B9B5}.XBOX-QA|x86.ActiveCfg = OptDebug|Win32
		{E8B6020E-7351-47C5-BAB8-765DA5E8B9B5}.XBOX-QA|x86.Build.0 = OptDebug|Win32
		{E8B6020E-7351-47C5-BAB8-765DA5E8B9B5}.XBOX-Release|x86.ActiveCfg = OptDebug|Win32
		{E8B6020E-7351-47C5-BAB8-765DA5E8B9B5}.XBOX-Release|x86.Build.0 = OptDebug|Win32
		{55221814-70E0-430B-8947-881F19D9EE9F}.Debug|x86.ActiveCfg = Debug|Win32
		{55221814-70E0-430B-8947-881F19D9EE9F}.Debug|x86.Build.0 = Debug|Win32
		{55221814-70E0-430B-8947-881F19D9EE9F}.EDITOR-Debug|x86.ActiveCfg = EDITOR-Debug|Win32
		{55221814-70E0-430B-8947-881F19D9EE9F}.EDITOR-Debug|x86.Build.0 = EDITOR-Debug|Win32
		{55221814-70E0-430B-8947-881F19D9EE9F}.OptDebug|x86.ActiveCfg = OptDebug|Win32
		{55221814-70E0-430B-8947-881F19D9EE9F}.OptDebug|x86.Build.0 = OptDebug|Win32
		{55221814-70E0-430B-8947-881F19D9EE9F}.QA|x86.ActiveCfg = QA|Win32
		{55221814-70E0-430B-8947-881F19D9EE9F}.QA|x86.Build.0 = QA|Win32
		{55221814-70E0-430B-8947-881F19D9EE9F}.Release|x86.ActiveCfg = Release|Win32
		{55221814-70E0-430B-8947-881F19D9EE9F}.Release|x86.Build.0 = Release|Win32
		{55221814-70E0-430B-8947-881F19D9EE9F}.VIEWER-Debug|x86.ActiveCfg = VIEWER-Debug|Win32
		{55221814-70E0-430B-8947-881F19D9EE9F}.VIEWER-Debug|x86.Build.0 = VIEWER-Debug|Win32
		{55221814-70E0-430B-8947-881F19D9EE9F}.WIN32-Debug|x86.ActiveCfg = EDITOR-Debug|Win32
		{55221814-70E0-430B-8947-881F19D9EE9F}.WIN32-Debug|x86.Build.0 = EDITOR-Debug|Win32
		{55221814-70E0-430B-8947-881F19D9EE9F}.WIN32-OptDebug|x86.ActiveCfg = EDITOR-Debug|Win32
		{55221814-70E0-430B-8947-881F19D9EE9F}.WIN32-OptDebug|x86.Build.0 = EDITOR-Debug|Win32
		{55221814-70E0-430B-8947-881F19D9EE9F}.WIN32-QA|x86.ActiveCfg = OptDebug|Win32
		{55221814-70E0-430B-8947-881F19D9EE9F}.WIN32-QA|x86.Build.0 = OptDebug|Win32
		{55221814-70E0-430B-8947-881F19D9EE9F}.WIN32-Release|x86.ActiveCfg = EDITOR-Debug|Win32
		{55221814-70E0-430B-8947-881F19D9EE9F}.WIN32-Release|x86.Build.0 = EDITOR-Debug|Win32
		{55221814-70E0-430B-8947-881F19D9EE9F}.XBOX-Debug|x86.ActiveCfg = VIEWER-Debug|Win32
		{55221814-70E0-430B-8947-881F19D9EE9F}.XBOX-Debug|x86.Build.0 = VIEWER-Debug|Win32
		{55221814-70E0-430B-8947-881F19D9EE9F}.XBOX-OptDebug|x86.ActiveCfg = VIEWER-Debug|Win32
		{55221814-70E0-430B-8947-881F19D9EE9F}.XBOX-OptDebug|x86.Build.0 = VIEWER-Debug|Win32
		{55221814-70E0-430B-8947-881F19D9EE9F}.XBOX-QA|x86.ActiveCfg = OptDebug|Win32
		{55221814-70E0-430B-8947-881F19D9EE9F}.XBOX-QA|x86.Build.0 = OptDebug|Win32
		{55221814-70E0-430B-8947-881F19D9EE9F}.XBOX-Release|x86.ActiveCfg = OptDebug|Win32
		{55221814-70E0-430B-8947-881F19D9EE9F}.XBOX-Release|x86.Build.0 = OptDebug|Win32
		{BD7CC635-CFED-4BBC-AA1A-A3FE8BBF00CC}.Debug|x86.ActiveCfg = Debug|Win32
		{BD7CC635-CFED-4BBC-AA1A-A3FE8BBF00CC}.Debug|x86.Build.0 = Debug|Win32
		{BD7CC635-CFED-4BBC-AA1A-A3FE8BBF00CC}.EDITOR-Debug|x86.ActiveCfg = EDITOR-Debug|Win32
		{BD7CC635-CFED-4BBC-AA1A-A3FE8BBF00CC}.EDITOR-Debug|x86.Build.0 = EDITOR-Debug|Win32
		{BD7CC635-CFED-4BBC-AA1A-A3FE8BBF00CC}.OptDebug|x86.ActiveCfg = OptDebug|Win32
		{BD7CC635-CFED-4BBC-AA1A-A3FE8BBF00CC}.OptDebug|x86.Build.0 = OptDebug|Win32
		{BD7CC635-CFED-4BBC-AA1A-A3FE8BBF00CC}.QA|x86.ActiveCfg = QA|Win32
		{BD7CC635-CFED-4BBC-AA1A-A3FE8BBF00CC}.QA|x86.Build.0 = QA|Win32
		{BD7CC635-CFED-4BBC-AA1A-A3FE8BBF00CC}.Release|x86.ActiveCfg = Release|Win32
		{BD7CC635-CFED-4BBC-AA1A-A3FE8BBF00CC}.Release|x86.Build.0 = Release|Win32
		{BD7CC635-CFED-4BBC-AA1A-A3FE8BBF00CC}.VIEWER-Debug|x86.ActiveCfg = VIEWER-Debug|Win32
		{BD7CC635-CFED-4BBC-AA1A-A3FE8BBF00CC}.VIEWER-Debug|x86.Build.0 = VIEWER-Debug|Win32
		{BD7CC635-CFED-4BBC-AA1A-A3FE8BBF00CC}.WIN32-Debug|x86.ActiveCfg = EDITOR-Debug|Win32
		{BD7CC635-CFED-4BBC-AA1A-A3FE8BBF00CC}.WIN32-Debug|x86.Build.0 = EDITOR-Debug|Win32
		{BD7CC635-CFED-4BBC-AA1A-A3FE8BBF00CC}.WIN32-OptDebug|x86.ActiveCfg = EDITOR-Debug|Win32
		{BD7CC635-CFED-4BBC-AA1A-A3FE8BBF00CC}.WIN32-OptDebug|x86.Build.0 = EDITOR-Debug|Win32
		{BD7CC635-CFED-4BBC-AA1A-A3FE8BBF00CC}.WIN32-QA|x86.ActiveCfg = OptDebug|Win32
		{BD7CC635-CFED-4BBC-AA1A-A3FE8BBF00CC}.WIN32-QA|x86.Build.0 = OptDebug|Win32
		{BD7CC635-CFED-4BBC-AA1A-A3FE8BBF00CC}.WIN32-Release|x86.ActiveCfg = EDITOR-Debug|Win32
		{BD7CC635-CFED-4BBC-AA1A-A3FE8BBF00CC}.WIN32-Release|x86.Build.0 = EDITOR-Debug|Win32
		{BD7CC635-CFED-4BBC-AA1A-A3FE8BBF00CC}.XBOX-Debug|x86.ActiveCfg = VIEWER-Debug|Win32
		{BD7CC635-CFED-4BBC-AA1A-A3FE8BBF00CC}.XBOX-Debug|x86.Build.0 = VIEWER-Debug|Win32
		{BD7CC635-CFED-4BBC-AA1A-A3FE8BBF00CC}.XBOX-OptDebug|x86.ActiveCfg = VIEWER-Debug|Win32
		{BD7CC635-CFED-4BBC-AA1A-A3FE8BBF00CC}.XBOX-OptDebug|x86.Build.0 = VIEWER-Debug|Win32
		{BD7CC635-CFED-4BBC-AA1A-A3FE8BBF00CC}.XBOX-QA|x86.ActiveCfg = OptDebug|Win32
		{BD7CC635-CFED-4BBC-AA1A-A3FE8BBF00CC}.XBOX-QA|x86.Build.0 = OptDebug|Win32
		{BD7CC635-CFED-4BBC-AA1A-A3FE8BBF00CC}.XBOX-Release|x86.ActiveCfg = OptDebug|Win32
		{BD7CC635-CFED-4BBC-AA1A-A3FE8BBF00CC}.XBOX-Release|x86.Build.0 = OptDebug|Win32
		{6AAD82B8-A6C4-41E4-AB06-3E5C0E68AAFE}.Debug|x86.ActiveCfg = Debug|Win32
		{6AAD82B8-A6C4-41E4-AB06-3E5C0E68AAFE}.Debug|x86.Build.0 = Debug|Win32
		{6AAD82B8-A6C4-41E4-AB06-3E5C0E68AAFE}.EDITOR-Debug|x86.ActiveCfg = EDITOR-Debug|Win32
		{6AAD82B8-A6C4-41E4-AB06-3E5C0E68AAFE}.EDITOR-Debug|x86.Build.0 = EDITOR-Debug|Win32
		{6AAD82B8-A6C4-41E4-AB06-3E5C0E68AAFE}.OptDebug|x86.ActiveCfg = OptDebug|Win32
		{6AAD82B8-A6C4-41E4-AB06-3E5C0E68AAFE}.OptDebug|x86.Build.0 = OptDebug|Win32
		{6AAD82B8-A6C4-41E4-AB06-3E5C0E68AAFE}.QA|x86.ActiveCfg = QA|Win32
		{6AAD82B8-A6C4-41E4-AB06-3E5C0E68AAFE}.QA|x86.Build.0 = QA|Win32
		{6AAD82B8-A6C4-41E4-AB06-3E5C0E68AAFE}.Release|x86.ActiveCfg = Release|Win32
		{6AAD82B8-A6C4-41E4-AB06-3E5C0E68AAFE}.Release|x86.Build.0 = Release|Win32
		{6AAD82B8-A6C4-41E4-AB06-3E5C0E68AAFE}.VIEWER-Debug|x86.ActiveCfg = VIEWER-Debug|Win32
		{6AAD82B8-A6C4-41E4-AB06-3E5C0E68AAFE}.VIEWER-Debug|x86.Build.0 = VIEWER-Debug|Win32
		{6AAD82B8-A6C4-41E4-AB06-3E5C0E68AAFE}.WIN32-Debug|x86.ActiveCfg = EDITOR-Debug|Win32
		{6AAD82B8-A6C4-41E4-AB06-3E5C0E68AAFE}.WIN32-Debug|x86.Build.0 = EDITOR-Debug|Win32
		{6AAD82B8-A6C4-41E4-AB06-3E5C0E68AAFE}.WIN32-OptDebug|x86.ActiveCfg = EDITOR-Debug|Win32
		{6AAD82B8-A6C4-41E4-AB06-3E5C0E68AAFE}.WIN32-OptDebug|x86.Build.0 = EDITOR-Debug|Win32
		{6AAD82B8-A6C4-41E4-AB06-3E5C0E68AAFE}.WIN32-QA|x86.ActiveCfg = OptDebug|Win32
		{6AAD82B8-A6C4-41E4-AB06-3E5C0E68AAFE}.WIN32-QA|x86.Build.0 = OptDebug|Win32
		{6AAD82B8-A6C4-41E4-AB06-3E5C0E68AAFE}.WIN32-Release|x86.ActiveCfg = EDITOR-Debug|Win32
		{6AAD82B8-A6C4-41E4-AB06-3E5C0E68AAFE}.WIN32-Release|x86.Build.0 = EDITOR-Debug|Win32
		{6AAD82B8-A6C4-41E4-AB06-3E5C0E68AAFE}.XBOX-Debug|x86.ActiveCfg = VIEWER-Debug|Win32
		{6AAD82B8-A6C4-41E4-AB06-3E5C0E68AAFE}.XBOX-Debug|x86.Build.0 = VIEWER-Debug|Win32
		{6AAD82B8-A6C4-41E4-AB06-3E5C0E68AAFE}.XBOX-OptDebug|x86.ActiveCfg = VIEWER-Debug|Win32
		{6AAD82B8-A6C4-41E4-AB06-3E5C0E68AAFE}.XBOX-OptDebug|x86.Build.0 = VIEWER-Debug|Win32
		{6AAD82B8-A6C4-41E4-AB06-3E5C0E68AAFE}.XBOX-QA|x86.ActiveCfg = OptDebug|Win32
		{6AAD82B8-A6C4-41E4-AB06-3E5C0E68AAFE}.XBOX-QA|x86.Build.0 = OptDebug|Win32
		{6AAD82B8-A6C4-41E4-AB06-3E5C0E68AAFE}.XBOX-Release|x86.ActiveCfg = OptDebug|Win32
		{6AAD82B8-A6C4-41E4-AB06-3E5C0E68AAFE}.XBOX-Release|x86.Build.0 = OptDebug|Win32
		{0DE696A2-85BD-4B78-8DCC-5329B99D5AEB}.Debug|x86.ActiveCfg = Debug|Win32
		{0DE696A2-85BD-4B78-8DCC-5329B99D5AEB}.Debug|x86.Build.0 = Debug|Win32
		{0DE696A2-85BD-4B78-8DCC-5329B99D5AEB}.EDITOR-Debug|x86.ActiveCfg = EDITOR-Debug|Win32
		{0DE696A2-85BD-4B78-8DCC-5329B99D5AEB}.EDITOR-Debug|x86.Build.0 = EDITOR-Debug|Win32
		{0DE696A2-85BD-4B78-8DCC-5329B99D5AEB}.OptDebug|x86.ActiveCfg = OptDebug|Win32
		{0DE696A2-85BD-4B78-8DCC-5329B99D5AEB}.OptDebug|x86.Build.0 = OptDebug|Win32
		{0DE696A2-85BD-4B78-8DCC-5329B99D5AEB}.QA|x86.ActiveCfg = QA|Win32
		{0DE696A2-85BD-4B78-8DCC-5329B99D5AEB}.QA|x86.Build.0 = QA|Win32
		{0DE696A2-85BD-4B78-8DCC-5329B99D5AEB}.Release|x86.ActiveCfg = Release|Win32
		{0DE696A2-85BD-4B78-8DCC-5329B99D5AEB}.Release|x86.Build.0 = Release|Win32
		{0DE696A2-85BD-4B78-8DCC-5329B99D5AEB}.VIEWER-Debug|x86.ActiveCfg = VIEWER-Debug|Win32
		{0DE696A2-85BD-4B78-8DCC-5329B99D5AEB}.VIEWER-Debug|x86.Build.0 = VIEWER-Debug|Win32
		{0DE696A2-85BD-4B78-8DCC-5329B99D5AEB}.WIN32-Debug|x86.ActiveCfg = EDITOR-Debug|Win32
		{0DE696A2-85BD-4B78-8DCC-5329B99D5AEB}.WIN32-Debug|x86.Build.0 = EDITOR-Debug|Win32
		{0DE696A2-85BD-4B78-8DCC-5329B99D5AEB}.WIN32-OptDebug|x86.ActiveCfg = EDITOR-Debug|Win32
		{0DE696A2-85BD-4B78-8DCC-5329B99D5AEB}.WIN32-OptDebug|x86.Build.0 = EDITOR-Debug|Win32
		{0DE696A2-85BD-4B78-8DCC-5329B99D5AEB}.WIN32-QA|x86.ActiveCfg = OptDebug|Win32
		{0DE696A2-85BD-4B78-8DCC-5329B99D5AEB}.WIN32-QA|x86.Build.0 = OptDebug|Win32
		{0DE696A2-85BD-4B78-8DCC-5329B99D5AEB}.WIN32-Release|x86.ActiveCfg = EDITOR-Debug|Win32
		{0DE696A2-85BD-4B78-8DCC-5329B99D5AEB}.WIN32-Release|x86.Build.0 = EDITOR-Debug|Win32
		{0DE696A2-85BD-4B78-8DCC-5329B99D5AEB}.XBOX-Debug|x86.ActiveCfg = VIEWER-Debug|Win32
		{0DE696A2-85BD-4B78-8DCC-5329B99D5AEB}.XBOX-Debug|x86.Build.0 = VIEWER-Debug|Win32
		{0DE696A2-85BD-4B78-8DCC-5329B99D5AEB}.XBOX-OptDebug|x86.ActiveCfg = VIEWER-Debug|Win32
		{0DE696A2-85BD-4B78-8DCC-5329B99D5AEB}.XBOX-OptDebug|x86.Build.0 = VIEWER-Debug|Win32
		{0DE696A2-85BD-4B78-8DCC-5329B99D5AEB}.XBOX-QA|x86.ActiveCfg = OptDebug|Win32
		{0DE696A2-85BD-4B78-8DCC-5329B99D5AEB}.XBOX-QA|x86.Build.0 = OptDebug|Win32
		{0DE696A2-85BD-4B78-8DCC-5329B99D5AEB}.XBOX-Release|x86.ActiveCfg = OptDebug|Win32
		{0DE696A2-85BD-4B78-8DCC-5329B99D5AEB}.XBOX-Release|x86.Build.0 = OptDebug|Win32
		{15DB23D2-38F7-489C-A130-BFF6C1BBCC00}.Debug|x86.ActiveCfg = Debug|Win32
		{15DB23D2-38F7-489C-A130-BFF6C1BBCC00}.Debug|x86.Build.0 = Debug|Win32
		{15DB23D2-38F7-489C-A130-BFF6C1BBCC00}.EDITOR-Debug|x86.ActiveCfg = EDITOR-Debug|Win32
		{15DB23D2-38F7-489C-A130-BFF6C1BBCC00}.EDITOR-Debug|x86.Build.0 = EDITOR-Debug|Win32
		{15DB23D2-38F7-489C-A130-BFF6C1BBCC00}.OptDebug|x86.ActiveCfg = OptDebug|Win32
		{15DB23D2-38F7-489C-A130-BFF6C1BBCC00}.OptDebug|x86.Build.0 = OptDebug|Win32
		{15DB23D2-38F7-489C-A130-BFF6C1BBCC00}.QA|x86.ActiveCfg = QA|Win32
		{15DB23D2-38F7-489C-A130-BFF6C1BBCC00}.QA|x86.Build.0 = QA|Win32
		{15DB23D2-38F7-489C-A130-BFF6C1BBCC00}.Release|x86.ActiveCfg = Release|Win32
		{15DB23D2-38F7-489C-A130-BFF6C1BBCC00}.Release|x86.Build.0 = Release|Win32
		{15DB23D2-38F7-489C-A130-BFF6C1BBCC00}.VIEWER-Debug|x86.ActiveCfg = VIEWER-Debug|Win32
		{15DB23D2-38F7-489C-A130-BFF6C1BBCC00}.VIEWER-Debug|x86.Build.0 = VIEWER-Debug|Win32
		{15DB23D2-38F7-489C-A130-BFF6C1BBCC00}.WIN32-Debug|x86.ActiveCfg = EDITOR-Debug|Win32
		{15DB23D2-38F7-489C-A130-BFF6C1BBCC00}.WIN32-Debug|x86.Build.0 = EDITOR-Debug|Win32
		{15DB23D2-38F7-489C-A130-BFF6C1BBCC00}.WIN32-OptDebug|x86.ActiveCfg = EDITOR-Debug|Win32
		{15DB23D2-38F7-489C-A130-BFF6C1BBCC00}.WIN32-OptDebug|x86.Build.0 = EDITOR-Debug|Win32
		{15DB23D2-38F7-489C-A130-BFF6C1BBCC00}.WIN32-QA|x86.ActiveCfg = OptDebug|Win32
		{15DB23D2-38F7-489C-A130-BFF6C1BBCC00}.WIN32-QA|x86.Build.0 = OptDebug|Win32
		{15DB23D2-38F7-489C-A130-BFF6C1BBCC00}.WIN32-Release|x86.ActiveCfg = EDITOR-Debug|Win32
		{15DB23D2-38F7-489C-A130-BFF6C1BBCC00}.WIN32-Release|x86.Build.0 = EDITOR-Debug|Win32
		{15DB23D2-38F7-489C-A130-BFF6C1BBCC00}.XBOX-Debug|x86.ActiveCfg = VIEWER-Debug|Win32
		{15DB23D2-38F7-489C-A130-BFF6C1BBCC00}.XBOX-Debug|x86.Build.0 = VIEWER-Debug|Win32
		{15DB23D2-38F7-489C-A130-BFF6C1BBCC00}.XBOX-OptDebug|x86.ActiveCfg = VIEWER-Debug|Win32
		{15DB23D2-38F7-489C-A130-BFF6C1BBCC00}.XBOX-OptDebug|x86.Build.0 = VIEWER-Debug|Win32
		{15DB23D2-38F7-489C-A130-BFF6C1BBCC00}.XBOX-QA|x86.ActiveCfg = OptDebug|Win32
		{15DB23D2-38F7-489C-A130-BFF6C1BBCC00}.XBOX-QA|x86.Build.0 = OptDebug|Win32
		{15DB23D2-38F7-489C-A130-BFF6C1BBCC00}.XBOX-Release|x86.ActiveCfg = OptDebug|Win32
		{15DB23D2-38F7-489C-A130-BFF6C1BBCC00}.XBOX-Release|x86.Build.0 = OptDebug|Win32
		{7085C1E2-423D-4D4E-BC7D-1BA4B23F37C6}.Debug|x86.ActiveCfg = Debug|Win32
		{7085C1E2-423D-4D4E-BC7D-1BA4B23F37C6}.Debug|x86.Build.0 = Debug|Win32
		{7085C1E2-423D-4D4E-BC7D-1BA4B23F37C6}.EDITOR-Debug|x86.ActiveCfg = EDITOR-Debug|Win32
		{7085C1E2-423D-4D4E-BC7D-1BA4B23F37C6}.EDITOR-Debug|x86.Build.0 = EDITOR-Debug|Win32
		{7085C1E2-423D-4D4E-BC7D-1BA4B23F37C6}.OptDebug|x86.ActiveCfg = OptDebug|Win32
		{7085C1E2-423D-4D4E-BC7D-1BA4B23F37C6}.OptDebug|x86.Build.0 = OptDebug|Win32
		{7085C1E2-423D-4D4E-BC7D-1BA4B23F37C6}.QA|x86.ActiveCfg = QA|Win32
		{7085C1E2-423D-4D4E-BC7D-1BA4B23F37C6}.QA|x86.Build.0 = QA|Win32
		{7085C1E2-423D-4D4E-BC7D-1BA4B23F37C6}.Release|x86.ActiveCfg = Release|Win32
		{7085C1E2-423D-4D4E-BC7D-1BA4B23F37C6}.Release|x86.Build.0 = Release|Win32
		{7085C1E2-423D-4D4E-BC7D-1BA4B23F37C6}.VIEWER-Debug|x86.ActiveCfg = VIEWER-Debug|Win32
		{7085C1E2-423D-4D4E-BC7D-1BA4B23F37C6}.VIEWER-Debug|x86.Build.0 = VIEWER-Debug|Win32
		{7085C1E2-423D-4D4E-BC7D-1BA4B23F37C6}.WIN32-Debug|x86.ActiveCfg = EDITOR-Debug|Win32
		{7085C1E2-423D-4D4E-BC7D-1BA4B23F37C6}.WIN32-Debug|x86.Build.0 = EDITOR-Debug|Win32
		{7085C1E2-423D-4D4E-BC7D-1BA4B23F37C6}.WIN32-OptDebug|x86.ActiveCfg = EDITOR-Debug|Win32
		{7085C1E2-423D-4D4E-BC7D-1BA4B23F37C6}.WIN32-OptDebug|x86.Build.0 = EDITOR-Debug|Win32
		{7085C1E2-423D-4D4E-BC7D-1BA4B23F37C6}.WIN32-QA|x86.ActiveCfg = OptDebug|Win32
		{7085C1E2-423D-4D4E-BC7D-1BA4B23F37C6}.WIN32-QA|x86.Build.0 = OptDebug|Win32
		{7085C1E2-423D-4D4E-BC7D-1BA4B23F37C6}.WIN32-Release|x86.ActiveCfg = EDITOR-Debug|Win32
		{7085C1E2-423D-4D4E-BC7D-1BA4B23F37C6}.WIN32-Release|x86.Build.0 = EDITOR-Debug|Win32
		{7085C1E2-423D-4D4E-BC7D-1BA4B23F37C6}.XBOX-Debug|x86.ActiveCfg = VIEWER-Debug|Win32
		{7085C1E2-423D-4D4E-BC7D-1BA4B23F37C6}.XBOX-Debug|x86.Build.0 = VIEWER-Debug|Win32
		{7085C1E2-423D-4D4E-BC7D-1BA4B23F37C6}.XBOX-OptDebug|x86.ActiveCfg = VIEWER-Debug|Win32
		{7085C1E2-423D-4D4E-BC7D-1BA4B23F37C6}.XBOX-OptDebug|x86.Build.0 = VIEWER-Debug|Win32
		{7085C1E2-423D-4D4E-BC7D-1BA4B23F37C6}.XBOX-QA|x86.ActiveCfg = OptDebug|Win32
		{7085C1E2-423D-4D4E-BC7D-1BA4B23F37C6}.XBOX-QA|x86.Build.0 = OptDebug|Win32
		{7085C1E2-423D-4D4E-BC7D-1BA4B23F37C6}.XBOX-Release|x86.ActiveCfg = OptDebug|Win32
		{7085C1E2-423D-4D4E-BC7D-1BA4B23F37C6}.XBOX-Release|x86.Build.0 = OptDebug|Win32
		{A8AF0F46-11ED-4D6E-B6D4-96B32F64476A}.Debug|x86.ActiveCfg = Debug|Win32
		{A8AF0F46-11ED-4D6E-B6D4-96B32F64476A}.Debug|x86.Build.0 = Debug|Win32
		{A8AF0F46-11ED-4D6E-B6D4-96B32F64476A}.EDITOR-Debug|x86.ActiveCfg = EDITOR-Debug|Win32
		{A8AF0F46-11ED-4D6E-B6D4-96B32F64476A}.EDITOR-Debug|x86.Build.0 = EDITOR-Debug|Win32
		{A8AF0F46-11ED-4D6E-B6D4-96B32F64476A}.OptDebug|x86.ActiveCfg = OptDebug|Win32
		{A8AF0F46-11ED-4D6E-B6D4-96B32F64476A}.OptDebug|x86.Build.0 = OptDebug|Win32
		{A8AF0F46-11ED-4D6E-B6D4-96B32F64476A}.QA|x86.ActiveCfg = QA|Win32
		{A8AF0F46-11ED-4D6E-B6D4-96B32F64476A}.QA|x86.Build.0 = QA|Win32
		{A8AF0F46-11ED-4D6E-B6D4-96B32F64476A}.Release|x86.ActiveCfg = Release|Win32
		{A8AF0F46-11ED-4D6E-B6D4-96B32F64476A}.Release|x86.Build.0 = Release|Win32
		{A8AF0F46-11ED-4D6E-B6D4-96B32F64476A}.VIEWER-Debug|x86.ActiveCfg = VIEWER-Debug|Win32
		{A8AF0F46-11ED-4D6E-B6D4-96B32F64476A}.VIEWER-Debug|x86.Build.0 = VIEWER-Debug|Win32
		{A8AF0F46-11ED-4D6E-B6D4-96B32F64476A}.WIN32-Debug|x86.ActiveCfg = EDITOR-Debug|Win32
		{A8AF0F46-11ED-4D6E-B6D4-96B32F64476A}.WIN32-Debug|x86.Build.0 = EDITOR-Debug|Win32
		{A8AF0F46-11ED-4D6E-B6D4-96B32F64476A}.WIN32-OptDebug|x86.ActiveCfg = EDITOR-Debug|Win32
		{A8AF0F46-11ED-4D6E-B6D4-96B32F64476A}.WIN32-OptDebug|x86.Build.0 = EDITOR-Debug|Win32
		{A8AF0F46-11ED-4D6E-B6D4-96B32F64476A}.WIN32-QA|x86.ActiveCfg = OptDebug|Win32
		{A8AF0F46-11ED-4D6E-B6D4-96B32F64476A}.WIN32-QA|x86.Build.0 = OptDebug|Win32
		{A8AF0F46-11ED-4D6E-B6D4-96B32F64476A}.WIN32-Release|x86.ActiveCfg = EDITOR-Debug|Win32
		{A8AF0F46-11ED-4D6E-B6D4-96B32F64476A}.WIN32-Release|x86.Build.0 = EDITOR-Debug|Win32
		{A8AF0F46-11ED-4D6E-B6D4-96B32F64476A}.XBOX-Debug|x86.ActiveCfg = VIEWER-Debug|Win32
		{A8AF0F46-11ED-4D6E-B6D4-96B32F64476A}.XBOX-Debug|x86.Build.0 = VIEWER-Debug|Win32
		{A8AF0F46-11ED-4D6E-B6D4-96B32F64476A}.XBOX-OptDebug|x86.ActiveCfg = VIEWER-Debug|Win32
		{A8AF0F46-11ED-4D6E-B6D4-96B32F64476A}.XBOX-OptDebug|x86.Build.0 = VIEWER-Debug|Win32
		{A8AF0F46-11ED-4D6E-B6D4-96B32F64476A}.XBOX-QA|x86.ActiveCfg = OptDebug|Win32
		{A8AF0F46-11ED-4D6E-B6D4-96B32F64476A}.XBOX-QA|x86.Build.0 = OptDebug|Win32
		{A8AF0F46-11ED-4D6E-B6D4-96B32F64476A}.XBOX-Release|x86.ActiveCfg = OptDebug|Win32
		{A8AF0F46-11ED-4D6E-B6D4-96B32F64476A}.XBOX-Release|x86.Build.0 = OptDebug|Win32
		{BCC5EDD0-C48B-4F3A-BFCF-D72A676D0749}.Debug|x86.ActiveCfg = Debug|Win32
		{BCC5EDD0-C48B-4F3A-BFCF-D72A676D0749}.Debug|x86.Build.0 = Debug|Win32
		{BCC5EDD0-C48B-4F3A-BFCF-D72A676D0749}.EDITOR-Debug|x86.ActiveCfg = EDITOR-Debug|Win32
		{BCC5EDD0-C48B-4F3A-BFCF-D72A676D0749}.EDITOR-Debug|x86.Build.0 = EDITOR-Debug|Win32
		{BCC5EDD0-C48B-4F3A-BFCF-D72A676D0749}.OptDebug|x86.ActiveCfg = OptDebug|Win32
		{BCC5EDD0-C48B-4F3A-BFCF-D72A676D0749}.OptDebug|x86.Build.0 = OptDebug|Win32
		{BCC5EDD0-C48B-4F3A-BFCF-D72A676D0749}.QA|x86.ActiveCfg = QA|Win32
		{BCC5EDD0-C48B-4F3A-BFCF-D72A676D0749}.QA|x86.Build.0 = QA|Win32
		{BCC5EDD0-C48B-4F3A-BFCF-D72A676D0749}.Release|x86.ActiveCfg = Release|Win32
		{BCC5EDD0-C48B-4F3A-BFCF-D72A676D0749}.Release|x86.Build.0 = Release|Win32
		{BCC5EDD0-C48B-4F3A-BFCF-D72A676D0749}.VIEWER-Debug|x86.ActiveCfg = VIEWER-Debug|Win32
		{BCC5EDD0-C48B-4F3A-BFCF-D72A676D0749}.VIEWER-Debug|x86.Build.0 = VIEWER-Debug|Win32
		{BCC5EDD0-C48B-4F3A-BFCF-D72A676D0749}.WIN32-Debug|x86.ActiveCfg = EDITOR-Debug|Win32
		{BCC5EDD0-C48B-4F3A-BFCF-D72A676D0749}.WIN32-Debug|x86.Build.0 = EDITOR-Debug|Win32
		{BCC5EDD0-C48B-4F3A-BFCF-D72A676D0749}.WIN32-OptDebug|x86.ActiveCfg = EDITOR-Debug|Win32
		{BCC5EDD0-C48B-4F3A-BFCF-D72A676D0749}.WIN32-OptDebug|x86.Build.0 = EDITOR-Debug|Win32
		{BCC5EDD0-C48B-4F3A-BFCF-D72A676D0749}.WIN32-QA|x86.ActiveCfg = OptDebug|Win32
		{BCC5EDD0-C48B-4F3A-BFCF-D72A676D0749}.WIN32-QA|x86.Build.0 = OptDebug|Win32
		{BCC5EDD0-C48B-4F3A-BFCF-D72A676D0749}.WIN32-Release|x86.ActiveCfg = EDITOR-Debug|Win32
		{BCC5EDD0-C48B-4F3A-BFCF-D72A676D0749}.WIN32-Release|x86.Build.0 = EDITOR-Debug|Win32
		{BCC5EDD0-C48B-4F3A-BFCF-D72A676D0749}.XBOX-Debug|x86.ActiveCfg = VIEWER-Debug|Win32
		{BCC5EDD0-C48B-4F3A-BFCF-D72A676D0749}.XBOX-Debug|x86.Build.0 = VIEWER-Debug|Win32
		{BCC5EDD0-C48B-4F3A-BFCF-D72A676D0749}.XBOX-OptDebug|x86.ActiveCfg = VIEWER-Debug|Win32
		{BCC5EDD0-C48B-4F3A-BFCF-D72A676D0749}.XBOX-OptDebug|x86.Build.0 = VIEWER-Debug|Win32
		{BCC5EDD0-C48B-4F3A-BFCF-D72A676D0749}.XBOX-QA|x86.ActiveCfg = OptDebug|Win32
		{BCC5EDD0-C48B-4F3A-BFCF-D72A676D0749}.XBOX-QA|x86.Build.0 = OptDebug|Win32
		{BCC5EDD0-C48B-4F3A-BFCF-D72A676D0749}.XBOX-Release|x86.ActiveCfg = OptDebug|Win32
		{BCC5EDD0-C48B-4F3A-BFCF-D72A676D0749}.XBOX-Release|x86.Build.0 = OptDebug|Win32
		{A4275571-0365-47B6-8D23-910F33690D4B}.Debug|x86.ActiveCfg = Debug|Win32
		{A4275571-0365-47B6-8D23-910F33690D4B}.Debug|x86.Build.0 = Debug|Win32
		{A4275571-0365-47B6-8D23-910F33690D4B}.EDITOR-Debug|x86.ActiveCfg = EDITOR-Debug|Win32
		{A4275571-0365-47B6-8D23-910F33690D4B}.EDITOR-Debug|x86.Build.0 = EDITOR-Debug|Win32
		{A4275571-0365-47B6-8D23-910F33690D4B}.OptDebug|x86.ActiveCfg = OptDebug|Win32
		{A4275571-0365-47B6-8D23-910F33690D4B}.OptDebug|x86.Build.0 = OptDebug|Win32
		{A4275571-0365-47B6-8D23-910F33690D4B}.QA|x86.ActiveCfg = QA|Win32
		{A4275571-0365-47B6-8D23-910F33690D4B}.QA|x86.Build.0 = QA|Win32
		{A4275571-0365-47B6-8D23-910F33690D4B}.Release|x86.ActiveCfg = Release|Win32
		{A4275571-0365-47B6-8D23-910F33690D4B}.Release|x86.Build.0 = Release|Win32
		{A4275571-0365-47B6-8D23-910F33690D4B}.VIEWER-Debug|x86.ActiveCfg = VIEWER-Debug|Win32
		{A4275571-0365-47B6-8D23-910F33690D4B}.VIEWER-Debug|x86.Build.0 = VIEWER-Debug|Win32
		{A4275571-0365-47B6-8D23-910F33690D4B}.WIN32-Debug|x86.ActiveCfg = EDITOR-Debug|Win32
		{A4275571-0365-47B6-8D23-910F33690D4B}.WIN32-Debug|x86.Build.0 = EDITOR-Debug|Win32
		{A4275571-0365-47B6-8D23-910F33690D4B}.WIN32-OptDebug|x86.ActiveCfg = EDITOR-Debug|Win32
		{A4275571-0365-47B6-8D23-910F33690D4B}.WIN32-OptDebug|x86.Build.0 = EDITOR-Debug|Win32
		{A4275571-0365-47B6-8D23-910F33690D4B}.WIN32-QA|x86.ActiveCfg = OptDebug|Win32
		{A4275571-0365-47B6-8D23-910F33690D4B}.WIN32-QA|x86.Build.0 = OptDebug|Win32
		{A4275571-0365-47B6-8D23-910F33690D4B}.WIN32-Release|x86.ActiveCfg = EDITOR-Debug|Win32
		{A4275571-0365-47B6-8D23-910F33690D4B}.WIN32-Release|x86.Build.0 = EDITOR-Debug|Win32
		{A4275571-0365-47B6-8D23-910F33690D4B}.XBOX-Debug|x86.ActiveCfg = VIEWER-Debug|Win32
		{A4275571-0365-47B6-8D23-910F33690D4B}.XBOX-Debug|x86.Build.0 = VIEWER-Debug|Win32
		{A4275571-0365-47B6-8D23-910F33690D4B}.XBOX-OptDebug|x86.ActiveCfg = VIEWER-Debug|Win32
		{A4275571-0365-47B6-8D23-910F33690D4B}.XBOX-OptDebug|x86.Build.0 = VIEWER-Debug|Win32
		{A4275571-0365-47B6-8D23-910F33690D4B}.XBOX-QA|x86.ActiveCfg = OptDebug|Win32
		{A4275571-0365-47B6-8D23-910F33690D4B}.XBOX-QA|x86.Build.0 = OptDebug|Win32
		{A4275571-0365-47B6-8D23-910F33690D4B}.XBOX-Release|x86.ActiveCfg = OptDebug|Win32
		{A4275571-0365-47B6-8D23-910F33690D4B}.XBOX-Release|x86.Build.0 = OptDebug|Win32
		{9CA26E69-C9C6-433E-80D7-D28AC74C5D85}.Debug|x86.ActiveCfg = Debug|Win32
		{9CA26E69-C9C6-433E-80D7-D28AC74C5D85}.Debug|x86.Build.0 = Debug|Win32
		{9CA26E69-C9C6-433E-80D7-D28AC74C5D85}.EDITOR-Debug|x86.ActiveCfg = EDITOR-Debug|Win32
		{9CA26E69-C9C6-433E-80D7-D28AC74C5D85}.EDITOR-Debug|x86.Build.0 = EDITOR-Debug|Win32
		{9CA26E69-C9C6-433E-80D7-D28AC74C5D85}.OptDebug|x86.ActiveCfg = OptDebug|Win32
		{9CA26E69-C9C6-433E-80D7-D28AC74C5D85}.OptDebug|x86.Build.0 = OptDebug|Win32
		{9CA26E69-C9C6-433E-80D7-D28AC74C5D85}.QA|x86.ActiveCfg = QA|Win32
		{9CA26E69-C9C6-433E-80D7-D28AC74C5D85}.QA|x86.Build.0 = QA|Win32
		{9CA26E69-C9C6-433E-80D7-D28AC74C5D85}.Release|x86.ActiveCfg = Release|Win32
		{9CA26E69-C9C6-433E-80D7-D28AC74C5D85}.Release|x86.Build.0 = Release|Win32
		{9CA26E69-C9C6-433E-80D7-D28AC74C5D85}.VIEWER-Debug|x86.ActiveCfg = VIEWER-Debug|Win32
		{9CA26E69-C9C6-433E-80D7-D28AC74C5D85}.VIEWER-Debug|x86.Build.0 = VIEWER-Debug|Win32
		{9CA26E69-C9C6-433E-80D7-D28AC74C5D85}.WIN32-Debug|x86.ActiveCfg = EDITOR-Debug|Win32
		{9CA26E69-C9C6-433E-80D7-D28AC74C5D85}.WIN32-Debug|x86.Build.0 = EDITOR-Debug|Win32
		{9CA26E69-C9C6-433E-80D7-D28AC74C5D85}.WIN32-OptDebug|x86.ActiveCfg = EDITOR-Debug|Win32
		{9CA26E69-C9C6-433E-80D7-D28AC74C5D85}.WIN32-OptDebug|x86.Build.0 = EDITOR-Debug|Win32
		{9CA26E69-C9C6-433E-80D7-D28AC74C5D85}.WIN32-QA|x86.ActiveCfg = OptDebug|Win32
		{9CA26E69-C9C6-433E-80D7-D28AC74C5D85}.WIN32-QA|x86.Build.0 = OptDebug|Win32
		{9CA26E69-C9C6-433E-80D7-D28AC74C5D85}.WIN32-Release|x86.ActiveCfg = EDITOR-Debug|Win32
		{9CA26E69-C9C6-433E-80D7-D28AC74C5D85}.WIN32-Release|x86.Build.0 = EDITOR-Debug|Win32
		{9CA26E69-C9C6-433E-80D7-D28AC74C5D85}.XBOX-Debug|x86.ActiveCfg = VIEWER-Debug|Win32
		{9CA26E69-C9C6-433E-80D7-D28AC74C5D85}.XBOX-Debug|x86.Build.0 = VIEWER-Debug|Win32
		{9CA26E69-C9C6-433E-80D7-D28AC74C5D85}.XBOX-OptDebug|x86.ActiveCfg = VIEWER-Debug|Win32
		{9CA26E69-C9C6-433E-80D7-D28AC74C5D85}.XBOX-OptDebug|x86.Build.0 = VIEWER-Debug|Win32
		{9CA26E69-C9C6-433E-80D7-D28AC74C5D85}.XBOX-QA|x86.ActiveCfg = OptDebug|Win32
		{9CA26E69-C9C6-433E-80D7-D28AC74C5D85}.XBOX-QA|x86.Build.0 = OptDebug|Win32
		{9CA26E69-C9C6-433E-80D7-D28AC74C5D85}.XBOX-Release|x86.ActiveCfg = OptDebug|Win32
		{9CA26E69-C9C6-433E-80D7-D28AC74C5D85}.XBOX-Release|x86.Build.0 = OptDebug|Win32
		{363B0366-F4A2-4622-8ED8-225D1B5166B7}.Debug|x86.ActiveCfg = Debug|Win32
		{363B0366-F4A2-4622-8ED8-225D1B5166B7}.Debug|x86.Build.0 = Debug|Win32
		{363B0366-F4A2-4622-8ED8-225D1B5166B7}.EDITOR-Debug|x86.ActiveCfg = EDITOR-Debug|Win32
		{363B0366-F4A2-4622-8ED8-225D1B5166B7}.EDITOR-Debug|x86.Build.0 = EDITOR-Debug|Win32
		{363B0366-F4A2-4622-8ED8-225D1B5166B7}.OptDebug|x86.ActiveCfg = OptDebug|Win32
		{363B0366-F4A2-4622-8ED8-225D1B5166B7}.OptDebug|x86.Build.0 = OptDebug|Win32
		{363B0366-F4A2-4622-8ED8-225D1B5166B7}.QA|x86.ActiveCfg = QA|Win32
		{363B0366-F4A2-4622-8ED8-225D1B5166B7}.QA|x86.Build.0 = QA|Win32
		{363B0366-F4A2-4622-8ED8-225D1B5166B7}.Release|x86.ActiveCfg = Release|Win32
		{363B0366-F4A2-4622-8ED8-225D1B5166B7}.Release|x86.Build.0 = Release|Win32
		{363B0366-F4A2-4622-8ED8-225D1B5166B7}.VIEWER-Debug|x86.ActiveCfg = VIEWER-Debug|Win32
		{363B0366-F4A2-4622-8ED8-225D1B5166B7}.VIEWER-Debug|x86.Build.0 = VIEWER-Debug|Win32
		{363B0366-F4A2-4622-8ED8-225D1B5166B7}.WIN32-Debug|x86.ActiveCfg = EDITOR-Debug|Win32
		{363B0366-F4A2-4622-8ED8-225D1B5166B7}.WIN32-Debug|x86.Build.0 = EDITOR-Debug|Win32
		{363B0366-F4A2-4622-8ED8-225D1B5166B7}.WIN32-OptDebug|x86.ActiveCfg = EDITOR-Debug|Win32
		{363B0366-F4A2-4622-8ED8-225D1B5166B7}.WIN32-OptDebug|x86.Build.0 = EDITOR-Debug|Win32
		{363B0366-F4A2-4622-8ED8-225D1B5166B7}.WIN32-QA|x86.ActiveCfg = OptDebug|Win32
		{363B0366-F4A2-4622-8ED8-225D1B5166B7}.WIN32-QA|x86.Build.0 = OptDebug|Win32
		{363B0366-F4A2-4622-8ED8-225D1B5166B7}.WIN32-Release|x86.ActiveCfg = EDITOR-Debug|Win32
		{363B0366-F4A2-4622-8ED8-225D1B5166B7}.WIN32-Release|x86.Build.0 = EDITOR-Debug|Win32
		{363B0366-F4A2-4622-8ED8-225D1B5166B7}.XBOX-Debug|x86.ActiveCfg = VIEWER-Debug|Win32
		{363B0366-F4A2-4622-8ED8-225D1B5166B7}.XBOX-Debug|x86.Build.0 = VIEWER-Debug|Win32
		{363B0366-F4A2-4622-8ED8-225D1B5166B7}.XBOX-OptDebug|x86.ActiveCfg = VIEWER-Debug|Win32
		{363B0366-F4A2-4622-8ED8-225D1B5166B7}.XBOX-OptDebug|x86.Build.0 = VIEWER-Debug|Win32
		{363B0366-F4A2-4622-8ED8-225D1B5166B7}.XBOX-QA|x86.ActiveCfg = OptDebug|Win32
		{363B0366-F4A2-4622-8ED8-225D1B5166B7}.XBOX-QA|x86.Build.0 = OptDebug|Win32
		{363B0366-F4A2-4622-8ED8-225D1B5166B7}.XBOX-Release|x86.ActiveCfg = OptDebug|Win32
		{363B0366-F4A2-4622-8ED8-225D1B5166B7}.XBOX-Release|x86.Build.0 = OptDebug|Win32
		{4283CEE3-79DE-4B21-97C3-D54749EF3907}.Debug|x86.ActiveCfg = Debug|Win32
		{4283CEE3-79DE-4B21-97C3-D54749EF3907}.Debug|x86.Build.0 = Debug|Win32
		{4283CEE3-79DE-4B21-97C3-D54749EF3907}.EDITOR-Debug|x86.ActiveCfg = EDITOR-Debug|Win32
		{4283CEE3-79DE-4B21-97C3-D54749EF3907}.EDITOR-Debug|x86.Build.0 = EDITOR-Debug|Win32
		{4283CEE3-79DE-4B21-97C3-D54749EF3907}.OptDebug|x86.ActiveCfg = OptDebug|Win32
		{4283CEE3-79DE-4B21-97C3-D54749EF3907}.OptDebug|x86.Build.0 = OptDebug|Win32
		{4283CEE3-79DE-4B21-97C3-D54749EF3907}.QA|x86.ActiveCfg = QA|Win32
		{4283CEE3-79DE-4B21-97C3-D54749EF3907}.QA|x86.Build.0 = QA|Win32
		{4283CEE3-79DE-4B21-97C3-D54749EF3907}.Release|x86.ActiveCfg = Release|Win32
		{4283CEE3-79DE-4B21-97C3-D54749EF3907}.Release|x86.Build.0 = Release|Win32
		{4283CEE3-79DE-4B21-97C3-D54749EF3907}.VIEWER-Debug|x86.ActiveCfg = VIEWER-Debug|Win32
		{4283CEE3-79DE-4B21-97C3-D54749EF3907}.VIEWER-Debug|x86.Build.0 = VIEWER-Debug|Win32
		{4283CEE3-79DE-4B21-97C3-D54749EF3907}.WIN32-Debug|x86.ActiveCfg = EDITOR-Debug|Win32
		{4283CEE3-79DE-4B21-97C3-D54749EF3907}.WIN32-Debug|x86.Build.0 = EDITOR-Debug|Win32
		{4283CEE3-79DE-4B21-97C3-D54749EF3907}.WIN32-OptDebug|x86.ActiveCfg = EDITOR-Debug|Win32
		{4283CEE3-79DE-4B21-97C3-D54749EF3907}.WIN32-OptDebug|x86.Build.0 = EDITOR-Debug|Win32
		{4283CEE3-79DE-4B21-97C3-D54749EF3907}.WIN32-QA|x86.ActiveCfg = OptDebug|Win32
		{4283CEE3-79DE-4B21-97C3-D54749EF3907}.WIN32-QA|x86.Build.0 = OptDebug|Win32
		{4283CEE3-79DE-4B21-97C3-D54749EF3907}.WIN32-Release|x86.ActiveCfg = EDITOR-Debug|Win32
		{4283CEE3-79DE-4B21-97C3-D54749EF3907}.WIN32-Release|x86.Build.0 = EDITOR-Debug|Win32
		{4283CEE3-79DE-4B21-97C3-D54749EF3907}.XBOX-Debug|x86.ActiveCfg = VIEWER-Debug|Win32
		{4283CEE3-79DE-4B21-97C3-D54749EF3907}.XBOX-Debug|x86.Build.0 = VIEWER-Debug|Win32
		{4283CEE3-79DE-4B21-97C3-D54749EF3907}.XBOX-OptDebug|x86.ActiveCfg = VIEWER-Debug|Win32
		{4283CEE3-79DE-4B21-97C3-D54749EF3907}.XBOX-OptDebug|x86.Build.0 = VIEWER-Debug|Win32
		{4283CEE3-79DE-4B21-97C3-D54749EF3907}.XBOX-QA|x86.ActiveCfg = OptDebug|Win32
		{4283CEE3-79DE-4B21-97C3-D54749EF3907}.XBOX-QA|x86.Build.0 = OptDebug|Win32
		{4283CEE3-79DE-4B21-97C3-D54749EF3907}.XBOX-Release|x86.ActiveCfg = OptDebug|Win32
		{4283CEE3-79DE-4B21-97C3-D54749EF3907}.XBOX-Release|x86.Build.0 = OptDebug|Win32
		{8946D9DC-520E-4B19-BD73-1B0ED91C66BA}.Debug|x86.ActiveCfg = Debug|Win32
		{8946D9DC-520E-4B19-BD73-1B0ED91C66BA}.Debug|x86.Build.0 = Debug|Win32
		{8946D9DC-520E-4B19-BD73-1B0ED91C66BA}.EDITOR-Debug|x86.ActiveCfg = OptDebug|Win32
		{8946D9DC-520E-4B19-BD73-1B0ED91C66BA}.EDITOR-Debug|x86.Build.0 = OptDebug|Win32
		{8946D9DC-520E-4B19-BD73-1B0ED91C66BA}.OptDebug|x86.ActiveCfg = OptDebug|Win32
		{8946D9DC-520E-4B19-BD73-1B0ED91C66BA}.OptDebug|x86.Build.0 = OptDebug|Win32
		{8946D9DC-520E-4B19-BD73-1B0ED91C66BA}.QA|x86.ActiveCfg = QA|Win32
		{8946D9DC-520E-4B19-BD73-1B0ED91C66BA}.QA|x86.Build.0 = QA|Win32
		{8946D9DC-520E-4B19-BD73-1B0ED91C66BA}.Release|x86.ActiveCfg = Release|Win32
		{8946D9DC-520E-4B19-BD73-1B0ED91C66BA}.Release|x86.Build.0 = Release|Win32
		{8946D9DC-520E-4B19-BD73-1B0ED91C66BA}.VIEWER-Debug|x86.ActiveCfg = VIEWER-Debug|Win32
		{8946D9DC-520E-4B19-BD73-1B0ED91C66BA}.VIEWER-Debug|x86.Build.0 = VIEWER-Debug|Win32
		{8946D9DC-520E-4B19-BD73-1B0ED91C66BA}.WIN32-Debug|x86.ActiveCfg = OptDebug|Win32
		{8946D9DC-520E-4B19-BD73-1B0ED91C66BA}.WIN32-Debug|x86.Build.0 = OptDebug|Win32
		{8946D9DC-520E-4B19-BD73-1B0ED91C66BA}.WIN32-OptDebug|x86.ActiveCfg = OptDebug|Win32
		{8946D9DC-520E-4B19-BD73-1B0ED91C66BA}.WIN32-OptDebug|x86.Build.0 = OptDebug|Win32
		{8946D9DC-520E-4B19-BD73-1B0ED91C66BA}.WIN32-QA|x86.ActiveCfg = OptDebug|Win32
		{8946D9DC-520E-4B19-BD73-1B0ED91C66BA}.WIN32-QA|x86.Build.0 = OptDebug|Win32
		{8946D9DC-520E-4B19-BD73-1B0ED91C66BA}.WIN32-Release|x86.ActiveCfg = OptDebug|Win32
		{8946D9DC-520E-4B19-BD73-1B0ED91C66BA}.WIN32-Release|x86.Build.0 = OptDebug|Win32
		{8946D9DC-520E-4B19-BD73-1B0ED91C66BA}.XBOX-Debug|x86.ActiveCfg = VIEWER-Debug|Win32
		{8946D9DC-520E-4B19-BD73-1B0ED91C66BA}.XBOX-Debug|x86.Build.0 = VIEWER-Debug|Win32
		{8946D9DC-520E-4B19-BD73-1B0ED91C66BA}.XBOX-OptDebug|x86.ActiveCfg = VIEWER-Debug|Win32
		{8946D9DC-520E-4B19-BD73-1B0ED91C66BA}.XBOX-OptDebug|x86.Build.0 = VIEWER-Debug|Win32
		{8946D9DC-520E-4B19-BD73-1B0ED91C66BA}.XBOX-QA|x86.ActiveCfg = OptDebug|Win32
		{8946D9DC-520E-4B19-BD73-1B0ED91C66BA}.XBOX-QA|x86.Build.0 = OptDebug|Win32
		{8946D9DC-520E-4B19-BD73-1B0ED91C66BA}.XBOX-Release|x86.ActiveCfg = OptDebug|Win32
		{8946D9DC-520E-4B19-BD73-1B0ED91C66BA}.XBOX-Release|x86.Build.0 = OptDebug|Win32
		{EBC1773D-9BCC-4125-8069-F3EC6637B4BB}.Debug|x86.ActiveCfg = Debug|Win32
		{EBC1773D-9BCC-4125-8069-F3EC6637B4BB}.Debug|x86.Build.0 = Debug|Win32
		{EBC1773D-9BCC-4125-8069-F3EC6637B4BB}.EDITOR-Debug|x86.ActiveCfg = EDITOR-Debug|Win32
		{EBC1773D-9BCC-4125-8069-F3EC6637B4BB}.EDITOR-Debug|x86.Build.0 = EDITOR-Debug|Win32
		{EBC1773D-9BCC-4125-8069-F3EC6637B4BB}.OptDebug|x86.ActiveCfg = OptDebug|Win32
		{EBC1773D-9BCC-4125-8069-F3EC6637B4BB}.OptDebug|x86.Build.0 = OptDebug|Win32
		{EBC1773D-9BCC-4125-8069-F3EC6637B4BB}.QA|x86.ActiveCfg = QA|Win32
		{EBC1773D-9BCC-4125-8069-F3EC6637B4BB}.QA|x86.Build.0 = QA|Win32
		{EBC1773D-9BCC-4125-8069-F3EC6637B4BB}.Release|x86.ActiveCfg = Release|Win32
		{EBC1773D-9BCC-4125-8069-F3EC6637B4BB}.Release|x86.Build.0 = Release|Win32
		{EBC1773D-9BCC-4125-8069-F3EC6637B4BB}.VIEWER-Debug|x86.ActiveCfg = VIEWER-Debug|Win32
		{EBC1773D-9BCC-4125-8069-F3EC6637B4BB}.VIEWER-Debug|x86.Build.0 = VIEWER-Debug|Win32
		{EBC1773D-9BCC-4125-8069-F3EC6637B4BB}.WIN32-Debug|x86.ActiveCfg = Debug|Win32
		{EBC1773D-9BCC-4125-8069-F3EC6637B4BB}.WIN32-Debug|x86.Build.0 = Debug|Win32
		{EBC1773D-9BCC-4125-8069-F3EC6637B4BB}.WIN32-OptDebug|x86.ActiveCfg = OptDebug|Win32
		{EBC1773D-9BCC-4125-8069-F3EC6637B4BB}.WIN32-OptDebug|x86.Build.0 = OptDebug|Win32
		{EBC1773D-9BCC-4125-8069-F3EC6637B4BB}.WIN32-QA|x86.ActiveCfg = QA|Win32
		{EBC1773D-9BCC-4125-8069-F3EC6637B4BB}.WIN32-QA|x86.Build.0 = QA|Win32
		{EBC1773D-9BCC-4125-8069-F3EC6637B4BB}.WIN32-Release|x86.ActiveCfg = Release|Win32
		{EBC1773D-9BCC-4125-8069-F3EC6637B4BB}.WIN32-Release|x86.Build.0 = Release|Win32
		{EBC1773D-9BCC-4125-8069-F3EC6637B4BB}.XBOX-Debug|x86.ActiveCfg = Debug|Xbox
		{EBC1773D-9BCC-4125-8069-F3EC6637B4BB}.XBOX-Debug|x86.Build.0 = Debug|Xbox
		{EBC1773D-9BCC-4125-8069-F3EC6637B4BB}.XBOX-OptDebug|x86.ActiveCfg = OptDebug|Xbox
		{EBC1773D-9BCC-4125-8069-F3EC6637B4BB}.XBOX-OptDebug|x86.Build.0 = OptDebug|Xbox
		{EBC1773D-9BCC-4125-8069-F3EC6637B4BB}.XBOX-QA|x86.ActiveCfg = QA|Xbox
		{EBC1773D-9BCC-4125-8069-F3EC6637B4BB}.XBOX-QA|x86.Build.0 = QA|Xbox
		{EBC1773D-9BCC-4125-8069-F3EC6637B4BB}.XBOX-Release|x86.ActiveCfg = Release|Xbox
		{EBC1773D-9BCC-4125-8069-F3EC6637B4BB}.XBOX-Release|x86.Build.0 = Release|Xbox
	EndGlobalSection
	GlobalSection(SolutionProperties) = preSolution
		HideSolutionNode = FALSE
	EndGlobalSection
	GlobalSection(ExtensibilityGlobals) = postSolution
		SolutionGuid = {D2DDCB95-A994-4CC4-9817-124076BA1C26}
	EndGlobalSection
EndGlobal
