Microsoft Visual Studio Solution File, Format Version 8.00
Project("{8BC9CEB8-8B4A-11D0-8D11-00A0C91BC942}") = "*Viewer*", "Viewer.vcproj", "{1C79D513-583A-41F5-B7CA-21AC7E4FA6EE}"
	ProjectSection(ProjectDependencies) = postProject
		{55221814-70E0-430B-8947-881F19D9EE9F} = {55221814-70E0-430B-8947-881F19D9EE9F}
		{BD7CC635-CFED-4BBC-AA1A-A3FE8BBF00CC} = {BD7CC635-CFED-4BBC-AA1A-A3FE8BBF00CC}
		{35448F36-C065-4870-B690-AFA8D6E51259} = {35448F36-C065-4870-B690-AFA8D6E51259}
		{957AA63D-97AA-4EF7-B70E-50D82939BE31} = {957AA63D-97AA-4EF7-B70E-50D82939BE31}
		{363B0366-F4A2-4622-8ED8-225D1B5166B7} = {363B0366-F4A2-4622-8ED8-225D1B5166B7}
		{9CA26E69-C9C6-433E-80D7-D28AC74C5D85} = {9CA26E69-C9C6-433E-80D7-D28AC74C5D85}
		{A4275571-0365-47B6-8D23-910F33690D4B} = {A4275571-0365-47B6-8D23-910F33690D4B}
		{E66AB79D-0C72-476A-8F9F-705F99942A63} = {E66AB79D-0C72-476A-8F9F-705F99942A63}
		{0DE696A2-85BD-4B78-8DCC-5329B99D5AEB} = {0DE696A2-85BD-4B78-8DCC-5329B99D5AEB}
		{BCC5EDD0-C48B-4F3A-BFCF-D72A676D0749} = {BCC5EDD0-C48B-4F3A-BFCF-D72A676D0749}
		{A6164BD4-D8D0-4425-BB89-5E0395BD22F5} = {A6164BD4-D8D0-4425-BB89-5E0395BD22F5}
		{4283CEE3-79DE-4B21-97C3-D54749EF3907} = {4283CEE3-79DE-4B21-97C3-D54749EF3907}
	EndProjectSection
EndProject
Project("{8BC9CEB8-8B4A-11D0-8D11-00A0C91BC942}") = "aux_Bitmap", "..\..\xCore\Auxiliary\Bitmap\aux_Bitmap.vcproj", "{9CA26E69-C9C6-433E-80D7-D28AC74C5D85}"
	ProjectSection(ProjectDependencies) = postProject
	EndProjectSection
EndProject
Project("{8BC9CEB8-8B4A-11D0-8D11-00A0C91BC942}") = "Entropy", "..\..\xCore\Entropy\Entropy.vcproj", "{E66AB79D-0C72-476A-8F9F-705F99942A63}"
	ProjectSection(ProjectDependencies) = postProject
	EndProjectSection
EndProject
Project("{8BC9CEB8-8B4A-11D0-8D11-00A0C91BC942}") = "audiomgr", "..\..\Support\AudioMgr\AudioMgr.vcproj", "{55221814-70E0-430B-8947-881F19D9EE9F}"
	ProjectSection(ProjectDependencies) = postProject
	EndProjectSection
EndProject
Project("{8BC9CEB8-8B4A-11D0-8D11-00A0C91BC942}") = "ConversationMgr", "..\..\Support\ConversationMgr\ConversationMgr.vcproj", "{BD7CC635-CFED-4BBC-AA1A-A3FE8BBF00CC}"
	ProjectSection(ProjectDependencies) = postProject
	EndProjectSection
EndProject
Project("{8BC9CEB8-8B4A-11D0-8D11-00A0C91BC942}") = "EventMgr", "..\..\Support\EventMgr\EventMgr.vcproj", "{363B0366-F4A2-4622-8ED8-225D1B5166B7}"
	ProjectSection(ProjectDependencies) = postProject
	EndProjectSection
EndProject
Project("{8BC9CEB8-8B4A-11D0-8D11-00A0C91BC942}") = "fx_RunTime", "..\..\xCore\Auxiliary\fx_RunTime\fx_RunTime.vcproj", "{4283CEE3-79DE-4B21-97C3-D54749EF3907}"
	ProjectSection(ProjectDependencies) = postProject
	EndProjectSection
EndProject
Project("{8BC9CEB8-8B4A-11D0-8D11-00A0C91BC942}") = "GameLib", "..\..\Support\GameLib\Gamelib.vcproj", "{35448F36-C065-4870-B690-AFA8D6E51259}"
	ProjectSection(ProjectDependencies) = postProject
	EndProjectSection
EndProject
Project("{8BC9CEB8-8B4A-11D0-8D11-00A0C91BC942}") = "Music_mgr", "..\..\Support\Music_mgr\Music_mgr.vcproj", "{0DE696A2-85BD-4B78-8DCC-5329B99D5AEB}"
	ProjectSection(ProjectDependencies) = postProject
	EndProjectSection
EndProject
Project("{8BC9CEB8-8B4A-11D0-8D11-00A0C91BC942}") = "Render", "..\..\Support\Render\Render.vcproj", "{957AA63D-97AA-4EF7-B70E-50D82939BE31}"
	ProjectSection(ProjectDependencies) = postProject
	EndProjectSection
EndProject
Project("{8BC9CEB8-8B4A-11D0-8D11-00A0C91BC942}") = "x_files", "..\..\xCore\x_files\x_files.vcproj", "{A4275571-0365-47B6-8D23-910F33690D4B}"
	ProjectSection(ProjectDependencies) = postProject
	EndProjectSection
EndProject
Project("{8BC9CEB8-8B4A-11D0-8D11-00A0C91BC942}") = "MeshUtil", "..\..\xCore\MeshUtil\MeshUtil.vcproj", "{A6164BD4-D8D0-4425-BB89-5E0395BD22F5}"
	ProjectSection(ProjectDependencies) = postProject
	EndProjectSection
EndProject
Project("{8BC9CEB8-8B4A-11D0-8D11-00A0C91BC942}") = "Parsing", "..\..\xCore\Parsing\Parsing.vcproj", "{BCC5EDD0-C48B-4F3A-BFCF-D72A676D0749}"
	ProjectSection(ProjectDependencies) = postProject
	EndProjectSection
EndProject
Global
	GlobalSection(SolutionConfiguration) = preSolution
		Debug Win32 = Debug Win32
		OptDebug Win32 = OptDebug Win32
		QA Win32 = QA Win32
		Release Win32 = Release Win32
	EndGlobalSection
	GlobalSection(ProjectConfiguration) = postSolution
		{1C79D513-583A-41F5-B7CA-21AC7E4FA6EE}.Debug Win32.ActiveCfg = Debug|Win32
		{1C79D513-583A-41F5-B7CA-21AC7E4FA6EE}.Debug Win32.Build.0 = Debug|Win32
		{1C79D513-583A-41F5-B7CA-21AC7E4FA6EE}.OptDebug Win32.ActiveCfg = Debug|Win32
		{1C79D513-583A-41F5-B7CA-21AC7E4FA6EE}.OptDebug Win32.Build.0 = Debug|Win32
		{1C79D513-583A-41F5-B7CA-21AC7E4FA6EE}.QA Win32.ActiveCfg = Release|Win32
		{1C79D513-583A-41F5-B7CA-21AC7E4FA6EE}.QA Win32.Build.0 = Release|Win32
		{1C79D513-583A-41F5-B7CA-21AC7E4FA6EE}.Release Win32.ActiveCfg = Release|Win32
		{1C79D513-583A-41F5-B7CA-21AC7E4FA6EE}.Release Win32.Build.0 = Release|Win32
		{9CA26E69-C9C6-433E-80D7-D28AC74C5D85}.Debug Win32.ActiveCfg = Debug|Win32
		{9CA26E69-C9C6-433E-80D7-D28AC74C5D85}.Debug Win32.Build.0 = Debug|Win32
		{9CA26E69-C9C6-433E-80D7-D28AC74C5D85}.OptDebug Win32.ActiveCfg = OptDebug|Win32
		{9CA26E69-C9C6-433E-80D7-D28AC74C5D85}.OptDebug Win32.Build.0 = OptDebug|Win32
		{9CA26E69-C9C6-433E-80D7-D28AC74C5D85}.QA Win32.ActiveCfg = QA|Win32
		{9CA26E69-C9C6-433E-80D7-D28AC74C5D85}.QA Win32.Build.0 = QA|Win32
		{9CA26E69-C9C6-433E-80D7-D28AC74C5D85}.Release Win32.ActiveCfg = Release|Win32
		{9CA26E69-C9C6-433E-80D7-D28AC74C5D85}.Release Win32.Build.0 = Release|Win32
		{E66AB79D-0C72-476A-8F9F-705F99942A63}.Debug Win32.ActiveCfg = Debug|Win32
		{E66AB79D-0C72-476A-8F9F-705F99942A63}.Debug Win32.Build.0 = Debug|Win32
		{E66AB79D-0C72-476A-8F9F-705F99942A63}.OptDebug Win32.ActiveCfg = OptDebug|Win32
		{E66AB79D-0C72-476A-8F9F-705F99942A63}.OptDebug Win32.Build.0 = OptDebug|Win32
		{E66AB79D-0C72-476A-8F9F-705F99942A63}.QA Win32.ActiveCfg = QA|Win32
		{E66AB79D-0C72-476A-8F9F-705F99942A63}.QA Win32.Build.0 = QA|Win32
		{E66AB79D-0C72-476A-8F9F-705F99942A63}.Release Win32.ActiveCfg = Release|Win32
		{E66AB79D-0C72-476A-8F9F-705F99942A63}.Release Win32.Build.0 = Release|Win32
		{55221814-70E0-430B-8947-881F19D9EE9F}.Debug Win32.ActiveCfg = Debug|Win32
		{55221814-70E0-430B-8947-881F19D9EE9F}.Debug Win32.Build.0 = Debug|Win32
		{55221814-70E0-430B-8947-881F19D9EE9F}.OptDebug Win32.ActiveCfg = OptDebug|Win32
		{55221814-70E0-430B-8947-881F19D9EE9F}.OptDebug Win32.Build.0 = OptDebug|Win32
		{55221814-70E0-430B-8947-881F19D9EE9F}.QA Win32.ActiveCfg = QA|Win32
		{55221814-70E0-430B-8947-881F19D9EE9F}.QA Win32.Build.0 = QA|Win32
		{55221814-70E0-430B-8947-881F19D9EE9F}.Release Win32.ActiveCfg = Release|Win32
		{55221814-70E0-430B-8947-881F19D9EE9F}.Release Win32.Build.0 = Release|Win32
		{BD7CC635-CFED-4BBC-AA1A-A3FE8BBF00CC}.Debug Win32.ActiveCfg = Debug|Win32
		{BD7CC635-CFED-4BBC-AA1A-A3FE8BBF00CC}.Debug Win32.Build.0 = Debug|Win32
		{BD7CC635-CFED-4BBC-AA1A-A3FE8BBF00CC}.OptDebug Win32.ActiveCfg = OptDebug|Win32
		{BD7CC635-CFED-4BBC-AA1A-A3FE8BBF00CC}.OptDebug Win32.Build.0 = OptDebug|Win32
		{BD7CC635-CFED-4BBC-AA1A-A3FE8BBF00CC}.QA Win32.ActiveCfg = QA|Win32
		{BD7CC635-CFED-4BBC-AA1A-A3FE8BBF00CC}.QA Win32.Build.0 = QA|Win32
		{BD7CC635-CFED-4BBC-AA1A-A3FE8BBF00CC}.Release Win32.ActiveCfg = Release|Win32
		{BD7CC635-CFED-4BBC-AA1A-A3FE8BBF00CC}.Release Win32.Build.0 = Release|Win32
		{363B0366-F4A2-4622-8ED8-225D1B5166B7}.Debug Win32.ActiveCfg = Debug|Win32
		{363B0366-F4A2-4622-8ED8-225D1B5166B7}.Debug Win32.Build.0 = Debug|Win32
		{363B0366-F4A2-4622-8ED8-225D1B5166B7}.OptDebug Win32.ActiveCfg = OptDebug|Win32
		{363B0366-F4A2-4622-8ED8-225D1B5166B7}.OptDebug Win32.Build.0 = OptDebug|Win32
		{363B0366-F4A2-4622-8ED8-225D1B5166B7}.QA Win32.ActiveCfg = QA|Win32
		{363B0366-F4A2-4622-8ED8-225D1B5166B7}.QA Win32.Build.0 = QA|Win32
		{363B0366-F4A2-4622-8ED8-225D1B5166B7}.Release Win32.ActiveCfg = Release|Win32
		{363B0366-F4A2-4622-8ED8-225D1B5166B7}.Release Win32.Build.0 = Release|Win32
		{4283CEE3-79DE-4B21-97C3-D54749EF3907}.Debug Win32.ActiveCfg = Debug|Win32
		{4283CEE3-79DE-4B21-97C3-D54749EF3907}.Debug Win32.Build.0 = Debug|Win32
		{4283CEE3-79DE-4B21-97C3-D54749EF3907}.OptDebug Win32.ActiveCfg = OptDebug|Win32
		{4283CEE3-79DE-4B21-97C3-D54749EF3907}.OptDebug Win32.Build.0 = OptDebug|Win32
		{4283CEE3-79DE-4B21-97C3-D54749EF3907}.QA Win32.ActiveCfg = QA|Win32
		{4283CEE3-79DE-4B21-97C3-D54749EF3907}.QA Win32.Build.0 = QA|Win32
		{4283CEE3-79DE-4B21-97C3-D54749EF3907}.Release Win32.ActiveCfg = Release|Win32
		{4283CEE3-79DE-4B21-97C3-D54749EF3907}.Release Win32.Build.0 = Release|Win32
		{35448F36-C065-4870-B690-AFA8D6E51259}.Debug Win32.ActiveCfg = Debug|Win32
		{35448F36-C065-4870-B690-AFA8D6E51259}.Debug Win32.Build.0 = Debug|Win32
		{35448F36-C065-4870-B690-AFA8D6E51259}.OptDebug Win32.ActiveCfg = OptDebug|Win32
		{35448F36-C065-4870-B690-AFA8D6E51259}.OptDebug Win32.Build.0 = OptDebug|Win32
		{35448F36-C065-4870-B690-AFA8D6E51259}.QA Win32.ActiveCfg = QA|Win32
		{35448F36-C065-4870-B690-AFA8D6E51259}.QA Win32.Build.0 = QA|Win32
		{35448F36-C065-4870-B690-AFA8D6E51259}.Release Win32.ActiveCfg = Release|Win32
		{35448F36-C065-4870-B690-AFA8D6E51259}.Release Win32.Build.0 = Release|Win32
		{0DE696A2-85BD-4B78-8DCC-5329B99D5AEB}.Debug Win32.ActiveCfg = Debug|Win32
		{0DE696A2-85BD-4B78-8DCC-5329B99D5AEB}.Debug Win32.Build.0 = Debug|Win32
		{0DE696A2-85BD-4B78-8DCC-5329B99D5AEB}.OptDebug Win32.ActiveCfg = OptDebug|Win32
		{0DE696A2-85BD-4B78-8DCC-5329B99D5AEB}.OptDebug Win32.Build.0 = OptDebug|Win32
		{0DE696A2-85BD-4B78-8DCC-5329B99D5AEB}.QA Win32.ActiveCfg = QA|Win32
		{0DE696A2-85BD-4B78-8DCC-5329B99D5AEB}.QA Win32.Build.0 = QA|Win32
		{0DE696A2-85BD-4B78-8DCC-5329B99D5AEB}.Release Win32.ActiveCfg = Release|Win32
		{0DE696A2-85BD-4B78-8DCC-5329B99D5AEB}.Release Win32.Build.0 = Release|Win32
		{957AA63D-97AA-4EF7-B70E-50D82939BE31}.Debug Win32.ActiveCfg = Debug|Win32
		{957AA63D-97AA-4EF7-B70E-50D82939BE31}.Debug Win32.Build.0 = Debug|Win32
		{957AA63D-97AA-4EF7-B70E-50D82939BE31}.OptDebug Win32.ActiveCfg = OptDebug|Win32
		{957AA63D-97AA-4EF7-B70E-50D82939BE31}.OptDebug Win32.Build.0 = OptDebug|Win32
		{957AA63D-97AA-4EF7-B70E-50D82939BE31}.QA Win32.ActiveCfg = QA|Win32
		{957AA63D-97AA-4EF7-B70E-50D82939BE31}.QA Win32.Build.0 = QA|Win32
		{957AA63D-97AA-4EF7-B70E-50D82939BE31}.Release Win32.ActiveCfg = Release|Win32
		{957AA63D-97AA-4EF7-B70E-50D82939BE31}.Release Win32.Build.0 = Release|Win32
		{A4275571-0365-47B6-8D23-910F33690D4B}.Debug Win32.ActiveCfg = Debug|Win32
		{A4275571-0365-47B6-8D23-910F33690D4B}.Debug Win32.Build.0 = Debug|Win32
		{A4275571-0365-47B6-8D23-910F33690D4B}.OptDebug Win32.ActiveCfg = OptDebug|Win32
		{A4275571-0365-47B6-8D23-910F33690D4B}.OptDebug Win32.Build.0 = OptDebug|Win32
		{A4275571-0365-47B6-8D23-910F33690D4B}.QA Win32.ActiveCfg = QA|Win32
		{A4275571-0365-47B6-8D23-910F33690D4B}.QA Win32.Build.0 = QA|Win32
		{A4275571-0365-47B6-8D23-910F33690D4B}.Release Win32.ActiveCfg = Release|Win32
		{A4275571-0365-47B6-8D23-910F33690D4B}.Release Win32.Build.0 = Release|Win32
		{A6164BD4-D8D0-4425-BB89-5E0395BD22F5}.Debug Win32.ActiveCfg = Debug|Win32
		{A6164BD4-D8D0-4425-BB89-5E0395BD22F5}.Debug Win32.Build.0 = Debug|Win32
		{A6164BD4-D8D0-4425-BB89-5E0395BD22F5}.OptDebug Win32.ActiveCfg = OptDebug|Win32
		{A6164BD4-D8D0-4425-BB89-5E0395BD22F5}.OptDebug Win32.Build.0 = OptDebug|Win32
		{A6164BD4-D8D0-4425-BB89-5E0395BD22F5}.QA Win32.ActiveCfg = QA|Win32
		{A6164BD4-D8D0-4425-BB89-5E0395BD22F5}.QA Win32.Build.0 = QA|Win32
		{A6164BD4-D8D0-4425-BB89-5E0395BD22F5}.Release Win32.ActiveCfg = Release|Win32
		{A6164BD4-D8D0-4425-BB89-5E0395BD22F5}.Release Win32.Build.0 = Release|Win32
		{BCC5EDD0-C48B-4F3A-BFCF-D72A676D0749}.Debug Win32.ActiveCfg = Debug|Win32
		{BCC5EDD0-C48B-4F3A-BFCF-D72A676D0749}.Debug Win32.Build.0 = Debug|Win32
		{BCC5EDD0-C48B-4F3A-BFCF-D72A676D0749}.OptDebug Win32.ActiveCfg = OptDebug|Win32
		{BCC5EDD0-C48B-4F3A-BFCF-D72A676D0749}.OptDebug Win32.Build.0 = OptDebug|Win32
		{BCC5EDD0-C48B-4F3A-BFCF-D72A676D0749}.QA Win32.ActiveCfg = QA|Win32
		{BCC5EDD0-C48B-4F3A-BFCF-D72A676D0749}.QA Win32.Build.0 = QA|Win32
		{BCC5EDD0-C48B-4F3A-BFCF-D72A676D0749}.Release Win32.ActiveCfg = Release|Win32
		{BCC5EDD0-C48B-4F3A-BFCF-D72A676D0749}.Release Win32.Build.0 = Release|Win32
	EndGlobalSection
	GlobalSection(ExtensibilityGlobals) = postSolution
	EndGlobalSection
	GlobalSection(ExtensibilityAddIns) = postSolution
	EndGlobalSection
EndGlobal
