<?xml version="1.0" encoding="utf-8"?>
<Project ToolsVersion="4.0" xmlns="http://schemas.microsoft.com/developer/msbuild/2003">
  <ItemGroup>
    <Filter Include="Implementation">
      <UniqueIdentifier>{1381684e-2b10-4c88-ab55-ee32312c89e7}</UniqueIdentifier>
    </Filter>
    <Filter Include="Implementation\Inline">
      <UniqueIdentifier>{43f2fb29-ac50-4cd7-bca9-a39f9a174994}</UniqueIdentifier>
    </Filter>
    <Filter Include="Implementation\Private">
      <UniqueIdentifier>{884c500d-a5f4-4b0f-af7d-f26af18aacbe}</UniqueIdentifier>
    </Filter>
    <Filter Include="Implementation\External">
      <UniqueIdentifier>{bd93010d-f90b-4d71-931e-59b435a1588d}</UniqueIdentifier>
    </Filter>
    <Filter Include="Under Construction">
      <UniqueIdentifier>{1c97b4ff-e9c2-4285-b606-0036f9118715}</UniqueIdentifier>
    </Filter>
  </ItemGroup>
  <ItemGroup>
    <ClCompile Include="Implementation\x_bitmap.cpp">
      <Filter>Implementation</Filter>
    </ClCompile>
    <ClCompile Include="Implementation\x_bitmap_cmap.cpp">
      <Filter>Implementation</Filter>
    </ClCompile>
    <ClCompile Include="Implementation\x_bitmap_convert.cpp">
      <Filter>Implementation</Filter>
    </ClCompile>
    <ClCompile Include="Implementation\x_bitmap_dxtc.cpp">
      <Filter>Implementation</Filter>
    </ClCompile>
    <ClCompile Include="Implementation\x_bitmap_io.cpp">
      <Filter>Implementation</Filter>
    </ClCompile>
    <ClCompile Include="Implementation\x_bitmap_quant.cpp">
      <Filter>Implementation</Filter>
    </ClCompile>
    <ClCompile Include="Implementation\x_bitstream.cpp">
      <Filter>Implementation</Filter>
    </ClCompile>
    <ClCompile Include="Implementation\x_bytestream.cpp">
      <Filter>Implementation</Filter>
    </ClCompile>
    <ClCompile Include="Implementation\x_context.cpp">
      <Filter>Implementation</Filter>
    </ClCompile>
    <ClCompile Include="Implementation\x_debug.cpp">
      <Filter>Implementation</Filter>
    </ClCompile>
    <ClCompile Include="Implementation\x_files.cpp">
      <Filter>Implementation</Filter>
    </ClCompile>
    <ClCompile Include="Implementation\x_locale.cpp">
      <Filter>Implementation</Filter>
    </ClCompile>
    <ClCompile Include="Implementation\x_log.cpp">
      <Filter>Implementation</Filter>
    </ClCompile>
    <ClCompile Include="Implementation\x_math.cpp">
      <Filter>Implementation</Filter>
    </ClCompile>
    <ClCompile Include="Implementation\x_math_basic.cpp">
      <Filter>Implementation</Filter>
    </ClCompile>
    <ClCompile Include="Implementation\x_math_misc.cpp">
      <Filter>Implementation</Filter>
    </ClCompile>
    <ClCompile Include="Implementation\x_math_sphere.cpp">
      <Filter>Implementation</Filter>
    </ClCompile>
    <ClCompile Include="Implementation\x_memfile.cpp">
      <Filter>Implementation</Filter>
    </ClCompile>
    <ClCompile Include="Implementation\x_memory.cpp">
      <Filter>Implementation</Filter>
    </ClCompile>
    <ClCompile Include="Implementation\x_mqueue.cpp">
      <Filter>Implementation</Filter>
    </ClCompile>
    <ClCompile Include="Implementation\x_mutex.cpp">
      <Filter>Implementation</Filter>
    </ClCompile>
    <ClCompile Include="Implementation\x_plus.cpp">
      <Filter>Implementation</Filter>
    </ClCompile>
    <ClCompile Include="Implementation\x_stdio.cpp">
      <Filter>Implementation</Filter>
    </ClCompile>
    <ClCompile Include="Implementation\x_string.cpp">
      <Filter>Implementation</Filter>
    </ClCompile>
    <ClCompile Include="Implementation\x_threads.cpp">
      <Filter>Implementation</Filter>
    </ClCompile>
    <ClCompile Include="Implementation\x_threads_pc.cpp">
      <Filter>Implementation</Filter>
    </ClCompile>
    <ClCompile Include="Implementation\x_time.cpp">
      <Filter>Implementation</Filter>
    </ClCompile>
    <ClCompile Include="Implementation\x_flare.cpp">
      <Filter>Under Construction</Filter>
    </ClCompile>
    <ClCompile Include="Implementation\x_tool.cpp">
      <Filter>Implementation</Filter>
    </ClCompile>
    <ClCompile Include="Implementation\x_deltatime.cpp">
      <Filter>Implementation</Filter>
    </ClCompile>
  </ItemGroup>
  <ItemGroup>
    <ClInclude Include="x_bitmap.hpp" />
    <ClInclude Include="x_bitstream.hpp" />
    <ClInclude Include="x_bytestream.hpp" />
    <ClInclude Include="x_debug.hpp" />
    <ClInclude Include="x_files.hpp" />
    <ClInclude Include="x_locale.hpp" />
    <ClInclude Include="x_log.hpp" />
    <ClInclude Include="x_math.hpp" />
    <ClInclude Include="x_math_misc.hpp" />
    <ClInclude Include="x_memory.hpp" />
    <ClInclude Include="x_stdio.hpp" />
    <ClInclude Include="x_string.hpp" />
    <ClInclude Include="x_threads.hpp" />
    <ClInclude Include="x_time.hpp" />
    <ClInclude Include="x_array.hpp" />
    <ClInclude Include="x_color.hpp" />
    <ClInclude Include="x_context.hpp" />
    <ClInclude Include="x_flare.hpp" />
    <ClInclude Include="x_memfile.hpp" />
    <ClInclude Include="x_plus.hpp" />
    <ClInclude Include="x_target.hpp" />
    <ClInclude Include="x_types.hpp" />
    <ClInclude Include="Implementation\x_bitmap_inline.hpp" />
    <ClInclude Include="Implementation\x_color_inline.hpp" />
    <ClInclude Include="Implementation\x_math_bb_inline.hpp" />
    <ClInclude Include="Implementation\x_math_inline.hpp" />
    <ClInclude Include="Implementation\x_math_m3_inline.hpp" />
    <ClInclude Include="Implementation\x_math_m4_inline.hpp" />
    <ClInclude Include="Implementation\x_math_p_inline.hpp" />
    <ClInclude Include="Implementation\x_math_q_inline.hpp" />
    <ClInclude Include="Implementation\x_math_r3_inline.hpp" />
    <ClInclude Include="Implementation\x_math_rect_inline.hpp" />
    <ClInclude Include="Implementation\x_math_sph_inline.hpp" />
    <ClInclude Include="Implementation\x_math_v2_inline.hpp" />
    <ClInclude Include="Implementation\x_math_v3_inline.hpp" />
    <ClInclude Include="Implementation\x_math_v4_inline.hpp" />
    <ClInclude Include="Implementation\x_string_inline.hpp" />
    <ClInclude Include="Implementation\x_array_private.hpp" />
    <ClInclude Include="Implementation\x_files_private.hpp" />
    <ClInclude Include="Implementation\x_log_private.hpp" />
    <ClInclude Include="Implementation\x_memory_private.hpp" />
    <ClInclude Include="Implementation\x_mqueue_private.hpp" />
    <ClInclude Include="Implementation\x_mutex_private.hpp" />
    <ClInclude Include="Implementation\x_semaphore_private.hpp" />
    <ClInclude Include="Implementation\x_stdio_private.hpp" />
    <ClInclude Include="Implementation\x_threads_private.hpp" />
    <ClInclude Include="Implementation\x_tool_private.hpp" />
    <ClInclude Include="Implementation\x_tool_private.hpp">
      <Filter>Implementation\Private</Filter>
    </ClInclude>
    <ClInclude Include="x_deltatime.hpp" />
    <ClInclude Include="Implementation\x_time_inline.hpp" />
  </ItemGroup>
</Project>