<Solution>
  <Project Path="../../xCore/Auxiliary/Bitmap/aux_Bitmap.vcproj" Type="VC" />
  <Project Path="../../xCore/Auxiliary/fx_Core/fx_Core.vcproj" Type="VC" />
  <Project Path="../../xCore/Entropy/Entropy.vcproj" Type="VC" />
  <Project Path="../../xCore/MeshUtil/MeshUtil.vcproj" Type="VC" />
  <Project Path="../../xCore/Parsing/Parsing.vcproj" Type="VC" />
  <Project Path="../../xCore/x_files/x_files.vcproj" Type="VC" />
  <Project Path="EffectsEditor.vcproj" Type="VC">
    <BuildDependency Project="../../xCore/Auxiliary/Bitmap/aux_Bitmap.vcproj" />
    <BuildDependency Project="../../xCore/Auxiliary/fx_Core/fx_Core.vcproj" />
    <BuildDependency Project="../../xCore/Entropy/Entropy.vcproj" />
    <BuildDependency Project="../../xCore/MeshUtil/MeshUtil.vcproj" />
    <BuildDependency Project="../../xCore/Parsing/Parsing.vcproj" />
    <BuildDependency Project="../../xCore/x_files/x_files.vcproj" />
  </Project>
  <Properties Name="ExtensibilityAddIns" Scope="PostLoad" />
  <Properties Name="ProjectConfiguration" Scope="PostLoad">
    <Property Name="{36FB18DE-FA6A-4093-9BAD-8A025A7F218D}.Debug Win32.ActiveCfg" Value="Debug|Win32" />
    <Property Name="{36FB18DE-FA6A-4093-9BAD-8A025A7F218D}.Debug Win32.Build.0" Value="Debug|Win32" />
    <Property Name="{51F65302-640B-49E6-B711-585E20B79433}.Debug Win32.ActiveCfg" Value="Debug|Win32" />
    <Property Name="{51F65302-640B-49E6-B711-585E20B79433}.Debug Win32.Build.0" Value="Debug|Win32" />
    <Property Name="{82642246-2171-4521-A7BB-9B05DE5F5D62}.Debug Win32.ActiveCfg" Value="Debug|Win32" />
    <Property Name="{82642246-2171-4521-A7BB-9B05DE5F5D62}.Debug Win32.Build.0" Value="Debug|Win32" />
    <Property Name="{B6456700-4D59-4591-8227-2C6FD444CE4A}.Debug Win32.ActiveCfg" Value="Debug|Win32" />
    <Property Name="{B6456700-4D59-4591-8227-2C6FD444CE4A}.Debug Win32.Build.0" Value="Debug|Win32" />
    <Property Name="{DB7E85B4-0652-4388-B13C-65AE449D104E}.Debug Win32.ActiveCfg" Value="Debug|Win32" />
    <Property Name="{DB7E85B4-0652-4388-B13C-65AE449D104E}.Debug Win32.Build.0" Value="Debug|Win32" />
    <Property Name="{DD8AB240-8FA8-4E65-83EF-CB73E24E505E}.Debug Win32.ActiveCfg" Value="Debug|Win32" />
    <Property Name="{DD8AB240-8FA8-4E65-83EF-CB73E24E505E}.Debug Win32.Build.0" Value="Debug|Win32" />
    <Property Name="{E0CDD70E-23F8-432A-B3D3-5DF7E1CE15B4}.Debug Win32.ActiveCfg" Value="Debug|Win32" />
    <Property Name="{E0CDD70E-23F8-432A-B3D3-5DF7E1CE15B4}.Debug Win32.Build.0" Value="Debug|Win32" />
  </Properties>
  <Properties Name="SolutionConfiguration">
    <Property Name="Debug Win32" Value="Debug Win32" />
  </Properties>
</Solution>
