<Solution>
  <Configurations>
    <BuildType Name="Debug" />
    <BuildType Name="EDITOR-Debug" />
    <BuildType Name="OptDebug" />
    <BuildType Name="QA" />
    <BuildType Name="Release" />
    <BuildType Name="VIEWER-Debug" />
    <Platform Name="Win32" />
  </Configurations>
  <Project Path="AudioMgr.vcxproj" />
</Solution>
