<?xml version="1.0" encoding="utf-8"?>
<Project ToolsVersion="4.0" xmlns="http://schemas.microsoft.com/developer/msbuild/2003">
  <ItemGroup>
    <Filter Include="Implementation">
      <UniqueIdentifier>{cbb45718-de3b-4dd6-943b-ee68b9529707}</UniqueIdentifier>
    </Filter>
  </ItemGroup>
  <ItemGroup>
    <ClCompile Include="aux_Bitmap.cpp">
      <Filter>Implementation</Filter>
    </ClCompile>
    <ClCompile Include="DefaultBMP.cpp">
      <Filter>Implementation</Filter>
    </ClCompile>
    <ClCompile Include="Load_BMP.cpp">
      <Filter>Implementation</Filter>
    </ClCompile>
    <ClCompile Include="Load_PSD.cpp">
      <Filter>Implementation</Filter>
    </ClCompile>
    <ClCompile Include="Load_TGA.cpp">
      <Filter>Implementation</Filter>
    </ClCompile>
  </ItemGroup>
  <ItemGroup>
    <ClInclude Include="aux_Bitmap.hpp" />
  </ItemGroup>
</Project>