<?xml version="1.0" encoding="utf-8"?>
<Project ToolsVersion="4.0">
  <ItemGroup>
    <Filter Include="Backends">
      <UniqueIdentifier>{d5343546-ef83-45ca-87f8-632d54d0a69e}</UniqueIdentifier>
    </Filter>
    <Filter Include="Bindings">
      <UniqueIdentifier>{942db6fc-575d-42b7-a774-85d3955782bc}</UniqueIdentifier>
    </Filter>
    <Filter Include="Backends\Lua">
      <UniqueIdentifier>{0c472cc6-8460-4e9f-a6d9-1436cacc397e}</UniqueIdentifier>
    </Filter>
    <Filter Include="Bindings\MiscUtils">
      <UniqueIdentifier>{a507701f-3f2f-40b5-9b9a-970316509996}</UniqueIdentifier>
    </Filter>
  </ItemGroup>
  <ItemGroup>
    <ClInclude Include="Bindings\bind_objects.hpp">
      <Filter>Bindings</Filter>
    </ClInclude>
    <ClInclude Include="Bindings\bind_system.hpp">
      <Filter>Bindings</Filter>
    </ClInclude>
    <ClInclude Include="Backends\lua_backend.hpp">
      <Filter>Backends</Filter>
    </ClInclude>
    <ClInclude Include="script_backend.hpp" />
    <ClInclude Include="script_bindings.hpp" />
    <ClInclude Include="script_context.hpp" />
    <ClInclude Include="script_mgr.hpp" />
    <ClInclude Include="Bindings\bind_input.hpp">
      <Filter>Bindings</Filter>
    </ClInclude>
    <ClInclude Include="Bindings\bind_raycast.hpp">
      <Filter>Bindings</Filter>
    </ClInclude>
    <ClInclude Include="Bindings\bind_assets.hpp">
      <Filter>Bindings</Filter>
    </ClInclude>
    <ClInclude Include="..\..\MiscUtils\SimpleUtils.hpp">
      <Filter>Bindings\MiscUtils</Filter>
    </ClInclude>
  </ItemGroup>
  <ItemGroup>
    <ClCompile Include="Bindings\bind_system.cpp">
      <Filter>Bindings</Filter>
    </ClCompile>
    <ClCompile Include="Bindings\bind_objects.cpp">
      <Filter>Bindings</Filter>
    </ClCompile>
    <ClCompile Include="Backends\lua_backend.cpp">
      <Filter>Backends</Filter>
    </ClCompile>
    <ClCompile Include="script_mgr.cpp" />
    <ClCompile Include="Bindings\bind_raycast.cpp">
      <Filter>Bindings</Filter>
    </ClCompile>
    <ClCompile Include="Bindings\bind_input.cpp">
      <Filter>Bindings</Filter>
    </ClCompile>
    <ClCompile Include="Bindings\bind_assets.cpp">
      <Filter>Bindings</Filter>
    </ClCompile>
    <ClCompile Include="..\..\MiscUtils\SimpleUtils.cpp">
      <Filter>Bindings\MiscUtils</Filter>
    </ClCompile>
    <ClCompile Include="..\..\xCore\3rdParty\Lua\5.5.0\lapi.c" />
    <ClCompile Include="..\..\xCore\3rdParty\Lua\5.5.0\lauxlib.c" />
    <ClCompile Include="..\..\xCore\3rdParty\Lua\5.5.0\lbaselib.c" />
    <ClCompile Include="..\..\xCore\3rdParty\Lua\5.5.0\lcode.c" />
    <ClCompile Include="..\..\xCore\3rdParty\Lua\5.5.0\lcorolib.c" />
    <ClCompile Include="..\..\xCore\3rdParty\Lua\5.5.0\lctype.c" />
    <ClCompile Include="..\..\xCore\3rdParty\Lua\5.5.0\ldblib.c" />
    <ClCompile Include="..\..\xCore\3rdParty\Lua\5.5.0\ldebug.c" />
    <ClCompile Include="..\..\xCore\3rdParty\Lua\5.5.0\ldo.c" />
    <ClCompile Include="..\..\xCore\3rdParty\Lua\5.5.0\ldump.c" />
    <ClCompile Include="..\..\xCore\3rdParty\Lua\5.5.0\lfunc.c" />
    <ClCompile Include="..\..\xCore\3rdParty\Lua\5.5.0\lgc.c" />
    <ClCompile Include="..\..\xCore\3rdParty\Lua\5.5.0\linit.c" />
    <ClCompile Include="..\..\xCore\3rdParty\Lua\5.5.0\liolib.c" />
    <ClCompile Include="..\..\xCore\3rdParty\Lua\5.5.0\llex.c" />
    <ClCompile Include="..\..\xCore\3rdParty\Lua\5.5.0\lmathlib.c" />
    <ClCompile Include="..\..\xCore\3rdParty\Lua\5.5.0\lmem.c" />
    <ClCompile Include="..\..\xCore\3rdParty\Lua\5.5.0\loadlib.c" />
    <ClCompile Include="..\..\xCore\3rdParty\Lua\5.5.0\lobject.c" />
    <ClCompile Include="..\..\xCore\3rdParty\Lua\5.5.0\lopcodes.c" />
    <ClCompile Include="..\..\xCore\3rdParty\Lua\5.5.0\loslib.c" />
    <ClCompile Include="..\..\xCore\3rdParty\Lua\5.5.0\lparser.c" />
    <ClCompile Include="..\..\xCore\3rdParty\Lua\5.5.0\lstate.c" />
    <ClCompile Include="..\..\xCore\3rdParty\Lua\5.5.0\lstring.c" />
    <ClCompile Include="..\..\xCore\3rdParty\Lua\5.5.0\lstrlib.c" />
    <ClCompile Include="..\..\xCore\3rdParty\Lua\5.5.0\ltable.c" />
    <ClCompile Include="..\..\xCore\3rdParty\Lua\5.5.0\ltablib.c" />
    <ClCompile Include="..\..\xCore\3rdParty\Lua\5.5.0\ltm.c" />
    <ClCompile Include="..\..\xCore\3rdParty\Lua\5.5.0\lundump.c" />
    <ClCompile Include="..\..\xCore\3rdParty\Lua\5.5.0\lutf8lib.c" />
    <ClCompile Include="..\..\xCore\3rdParty\Lua\5.5.0\lvm.c" />
    <ClCompile Include="..\..\xCore\3rdParty\Lua\5.5.0\lzio.c" />
  </ItemGroup>
</Project>