<?xml version="1.0" encoding="utf-8"?>
<Project ToolsVersion="4.0" xmlns="http://schemas.microsoft.com/developer/msbuild/2003">
  <ItemGroup>
    <Filter Include="Source Files">
      <UniqueIdentifier>{e1738a2f-3a2f-49ab-8e42-bf7f05b766c0}</UniqueIdentifier>
      <Extensions>cpp;c;cxx;rc;def;r;odl;idl;hpj;bat</Extensions>
    </Filter>
  </ItemGroup>
  <ItemGroup>
    <ClCompile Include="base.cpp">
      <Filter>Source Files</Filter>
    </ClCompile>
    <ClCompile Include="controller.cpp">
      <Filter>Source Files</Filter>
    </ClCompile>
    <ClCompile Include="convex_hull.cpp">
      <Filter>Source Files</Filter>
    </ClCompile>
    <ClCompile Include="effect.cpp">
      <Filter>Source Files</Filter>
    </ClCompile>
    <ClCompile Include="element.cpp">
      <Filter>Source Files</Filter>
    </ClCompile>
    <ClCompile Include="element_cylinder.cpp">
      <Filter>Source Files</Filter>
    </ClCompile>
    <ClCompile Include="element_mesh.cpp">
      <Filter>Source Files</Filter>
    </ClCompile>
    <ClCompile Include="element_plane.cpp">
      <Filter>Source Files</Filter>
    </ClCompile>
    <ClCompile Include="element_ribbon.cpp">
      <Filter>Source Files</Filter>
    </ClCompile>
    <ClCompile Include="element_shockwave.cpp">
      <Filter>Source Files</Filter>
    </ClCompile>
    <ClCompile Include="element_spemitter.cpp">
      <Filter>Source Files</Filter>
    </ClCompile>
    <ClCompile Include="element_sphere.cpp">
      <Filter>Source Files</Filter>
    </ClCompile>
    <ClCompile Include="element_sprite.cpp">
      <Filter>Source Files</Filter>
    </ClCompile>
    <ClCompile Include="errorlog.cpp">
      <Filter>Source Files</Filter>
    </ClCompile>
    <ClCompile Include="export.cpp">
      <Filter>Source Files</Filter>
    </ClCompile>
    <ClCompile Include="igfmgr.cpp">
      <Filter>Source Files</Filter>
    </ClCompile>
    <ClCompile Include="MeshViewer.cpp">
      <Filter>Source Files</Filter>
    </ClCompile>
    <ClCompile Include="TextureMgr.cpp">
      <Filter>Source Files</Filter>
    </ClCompile>
  </ItemGroup>
  <ItemGroup>
    <ClInclude Include="base.hpp">
      <Filter>Source Files</Filter>
    </ClInclude>
    <ClInclude Include="controller.hpp">
      <Filter>Source Files</Filter>
    </ClInclude>
    <ClInclude Include="convex_hull.hpp">
      <Filter>Source Files</Filter>
    </ClInclude>
    <ClInclude Include="dlinkedlist.hpp">
      <Filter>Source Files</Filter>
    </ClInclude>
    <ClInclude Include="effect.hpp">
      <Filter>Source Files</Filter>
    </ClInclude>
    <ClInclude Include="element.hpp">
      <Filter>Source Files</Filter>
    </ClInclude>
    <ClInclude Include="element_cylinder.hpp">
      <Filter>Source Files</Filter>
    </ClInclude>
    <ClInclude Include="element_mesh.hpp">
      <Filter>Source Files</Filter>
    </ClInclude>
    <ClInclude Include="element_plane.hpp">
      <Filter>Source Files</Filter>
    </ClInclude>
    <ClInclude Include="element_ribbon.hpp">
      <Filter>Source Files</Filter>
    </ClInclude>
    <ClInclude Include="element_shockwave.hpp">
      <Filter>Source Files</Filter>
    </ClInclude>
    <ClInclude Include="element_spemitter.hpp">
      <Filter>Source Files</Filter>
    </ClInclude>
    <ClInclude Include="element_sphere.hpp">
      <Filter>Source Files</Filter>
    </ClInclude>
    <ClInclude Include="element_sprite.hpp">
      <Filter>Source Files</Filter>
    </ClInclude>
    <ClInclude Include="errorlog.hpp">
      <Filter>Source Files</Filter>
    </ClInclude>
    <ClInclude Include="export.hpp">
      <Filter>Source Files</Filter>
    </ClInclude>
    <ClInclude Include="igfmgr.hpp">
      <Filter>Source Files</Filter>
    </ClInclude>
    <ClInclude Include="MeshViewer.hpp">
      <Filter>Source Files</Filter>
    </ClInclude>
    <ClInclude Include="TextureMgr.hpp">
      <Filter>Source Files</Filter>
    </ClInclude>
  </ItemGroup>
</Project>