Microsoft Visual Studio Solution File, Format Version 12.00
# Visual Studio Version 17
VisualStudioVersion = 17.14.36511.14 d17.14
MinimumVisualStudioVersion = 10.0.40219.1
Project("{8BC9CEB8-8B4A-11D0-8D11-00A0C91BC942}") = "SoundPackager", "SoundPackager.vcxproj", "{13F37848-D8DA-456B-A219-EBE32732310F}"
EndProject
Project("{8BC9CEB8-8B4A-11D0-8D11-00A0C91BC942}") = "x_files", "..\..\xCore\x_files\x_files.vcxproj", "{A4275571-0365-47B6-8D23-910F33690D4B}"
EndProject
Project("{8BC9CEB8-8B4A-11D0-8D11-00A0C91BC942}") = "CommandLine", "..\..\xCore\Auxiliary\CommandLine\CommandLine.vcxproj", "{7B3440E7-4B4E-4400-9CC7-03A109DEB88D}"
EndProject
Project("{8BC9CEB8-8B4A-11D0-8D11-00A0C91BC942}") = "Parsing", "..\..\xCore\Parsing\Parsing.vcxproj", "{BCC5EDD0-C48B-4F3A-BFCF-D72A676D0749}"
EndProject
Project("{8BC9CEB8-8B4A-11D0-8D11-00A0C91BC942}") = "libmp3lame", "libmp3lame\libmp3lame_vc6.vcxproj", "{B449E710-FF1B-40BD-B828-1875B5D93714}"
EndProject
Global
	GlobalSection(SolutionConfigurationPlatforms) = preSolution
		Debug|Win32 = Debug|Win32
		Release|Win32 = Release|Win32
	EndGlobalSection
	GlobalSection(ProjectConfigurationPlatforms) = postSolution
		{13F37848-D8DA-456B-A219-EBE32732310F}.Debug|Win32.ActiveCfg = Debug|Win32
		{13F37848-D8DA-456B-A219-EBE32732310F}.Debug|Win32.Build.0 = Debug|Win32
		{13F37848-D8DA-456B-A219-EBE32732310F}.Release|Win32.ActiveCfg = Release|Win32
		{13F37848-D8DA-456B-A219-EBE32732310F}.Release|Win32.Build.0 = Release|Win32
		{A4275571-0365-47B6-8D23-910F33690D4B}.Debug|Win32.ActiveCfg = Debug|Win32
		{A4275571-0365-47B6-8D23-910F33690D4B}.Debug|Win32.Build.0 = Debug|Win32
		{A4275571-0365-47B6-8D23-910F33690D4B}.Release|Win32.ActiveCfg = Release|Win32
		{A4275571-0365-47B6-8D23-910F33690D4B}.Release|Win32.Build.0 = Release|Win32
		{7B3440E7-4B4E-4400-9CC7-03A109DEB88D}.Debug|Win32.ActiveCfg = Debug|Win32
		{7B3440E7-4B4E-4400-9CC7-03A109DEB88D}.Debug|Win32.Build.0 = Debug|Win32
		{7B3440E7-4B4E-4400-9CC7-03A109DEB88D}.Release|Win32.ActiveCfg = Release|Win32
		{7B3440E7-4B4E-4400-9CC7-03A109DEB88D}.Release|Win32.Build.0 = Release|Win32
		{BCC5EDD0-C48B-4F3A-BFCF-D72A676D0749}.Debug|Win32.ActiveCfg = Debug|Win32
		{BCC5EDD0-C48B-4F3A-BFCF-D72A676D0749}.Debug|Win32.Build.0 = Debug|Win32
		{BCC5EDD0-C48B-4F3A-BFCF-D72A676D0749}.Release|Win32.ActiveCfg = Release|Win32
		{BCC5EDD0-C48B-4F3A-BFCF-D72A676D0749}.Release|Win32.Build.0 = Release|Win32
		{B449E710-FF1B-40BD-B828-1875B5D93714}.Debug|Win32.ActiveCfg = Debug|Win32
		{B449E710-FF1B-40BD-B828-1875B5D93714}.Debug|Win32.Build.0 = Debug|Win32
		{B449E710-FF1B-40BD-B828-1875B5D93714}.Release|Win32.ActiveCfg = Release|Win32
		{B449E710-FF1B-40BD-B828-1875B5D93714}.Release|Win32.Build.0 = Release|Win32
	EndGlobalSection
	GlobalSection(SolutionProperties) = preSolution
		HideSolutionNode = FALSE
	EndGlobalSection
	GlobalSection(ExtensibilityGlobals) = postSolution
		SolutionGuid = {18FC08EE-4D5F-4E22-9CDB-4E34E01304A0}
	EndGlobalSection
EndGlobal
