Microsoft Visual Studio Solution File, Format Version 12.00
# Visual Studio Version 17
VisualStudioVersion = 17.14.36202.13
MinimumVisualStudioVersion = 10.0.40219.1
Project("{8BC9CEB8-8B4A-11D0-8D11-00A0C91BC942}") = "GameLib", "Gamelib.vcxproj", "{6AAD82B8-A6C4-41E4-AB06-3E5C0E68AAFE}"
EndProject
Global
	GlobalSection(SolutionConfigurationPlatforms) = preSolution
		Debug|Win32 = Debug|Win32
		EDITOR-Debug|Win32 = EDITOR-Debug|Win32
		OptDebug|Win32 = OptDebug|Win32
		QA|Win32 = QA|Win32
		Release|Win32 = Release|Win32
		VIEWER-Debug|Win32 = VIEWER-Debug|Win32
	EndGlobalSection
	GlobalSection(ProjectConfigurationPlatforms) = postSolution
		{6AAD82B8-A6C4-41E4-AB06-3E5C0E68AAFE}.Debug|Win32.ActiveCfg = Debug|Win32
		{6AAD82B8-A6C4-41E4-AB06-3E5C0E68AAFE}.Debug|Win32.Build.0 = Debug|Win32
		{6AAD82B8-A6C4-41E4-AB06-3E5C0E68AAFE}.EDITOR-Debug|Win32.ActiveCfg = EDITOR-Debug|Win32
		{6AAD82B8-A6C4-41E4-AB06-3E5C0E68AAFE}.EDITOR-Debug|Win32.Build.0 = EDITOR-Debug|Win32
		{6AAD82B8-A6C4-41E4-AB06-3E5C0E68AAFE}.OptDebug|Win32.ActiveCfg = OptDebug|Win32
		{6AAD82B8-A6C4-41E4-AB06-3E5C0E68AAFE}.OptDebug|Win32.Build.0 = OptDebug|Win32
		{6AAD82B8-A6C4-41E4-AB06-3E5C0E68AAFE}.QA|Win32.ActiveCfg = QA|Win32
		{6AAD82B8-A6C4-41E4-AB06-3E5C0E68AAFE}.QA|Win32.Build.0 = QA|Win32
		{6AAD82B8-A6C4-41E4-AB06-3E5C0E68AAFE}.Release|Win32.ActiveCfg = Release|Win32
		{6AAD82B8-A6C4-41E4-AB06-3E5C0E68AAFE}.Release|Win32.Build.0 = Release|Win32
		{6AAD82B8-A6C4-41E4-AB06-3E5C0E68AAFE}.VIEWER-Debug|Win32.ActiveCfg = VIEWER-Debug|Win32
		{6AAD82B8-A6C4-41E4-AB06-3E5C0E68AAFE}.VIEWER-Debug|Win32.Build.0 = VIEWER-Debug|Win32
	EndGlobalSection
	GlobalSection(SolutionProperties) = preSolution
		HideSolutionNode = FALSE
	EndGlobalSection
	GlobalSection(ExtensibilityGlobals) = postSolution
		SolutionGuid = {A128CF30-D704-4E42-B108-B8BC88432C50}
	EndGlobalSection
EndGlobal
